// !$*UTF8*$!
{
	archiveVersion = 1;
	classes = {
	};
	objectVersion = 55;
	objects = {

/* Begin PBXBuildFile section */
		123E22692898EA64000294D4 /* Int+Extension.swift in Sources */ = {isa = PBXBuildFile; fileRef = 123E22682898EA64000294D4 /* Int+Extension.swift */; };
		124BF903289B86B800834346 /* UIAlertController+Extension.swift in Sources */ = {isa = PBXBuildFile; fileRef = 124BF902289B86B800834346 /* UIAlertController+Extension.swift */; };
		12A255422898A5B200A3BE58 /* AppDelegate.swift in Sources */ = {isa = PBXBuildFile; fileRef = 12A255412898A5B200A3BE58 /* AppDelegate.swift */; };
		12A255442898A5B200A3BE58 /* SceneDelegate.swift in Sources */ = {isa = PBXBuildFile; fileRef = 12A255432898A5B200A3BE58 /* SceneDelegate.swift */; };
		12A255462898A5B200A3BE58 /* OrderViewController.swift in Sources */ = {isa = PBXBuildFile; fileRef = 12A255452898A5B200A3BE58 /* OrderViewController.swift */; };
		12A255492898A5B200A3BE58 /* Main.storyboard in Resources */ = {isa = PBXBuildFile; fileRef = 12A255472898A5B200A3BE58 /* Main.storyboard */; };
		12A2554B2898A5B300A3BE58 /* Assets.xcassets in Resources */ = {isa = PBXBuildFile; fileRef = 12A2554A2898A5B300A3BE58 /* Assets.xcassets */; };
		12A2554E2898A5B300A3BE58 /* LaunchScreen.storyboard in Resources */ = {isa = PBXBuildFile; fileRef = 12A2554C2898A5B300A3BE58 /* LaunchScreen.storyboard */; };
		12A255582898A9B000A3BE58 /* Menu.swift in Sources */ = {isa = PBXBuildFile; fileRef = 12A255572898A9B000A3BE58 /* Menu.swift */; };
		12A2555A2898B09C00A3BE58 /* OrderTableViewCell.swift in Sources */ = {isa = PBXBuildFile; fileRef = 12A255592898B09C00A3BE58 /* OrderTableViewCell.swift */; };
/* End PBXBuildFile section */

/* Begin PBXFileReference section */
		123E22682898EA64000294D4 /* Int+Extension.swift */ = {isa = PBXFileReference; lastKnownFileType = sourcecode.swift; path = "Int+Extension.swift"; sourceTree = "<group>"; };
		124BF902289B86B800834346 /* UIAlertController+Extension.swift */ = {isa = PBXFileReference; lastKnownFileType = sourcecode.swift; path = "UIAlertController+Extension.swift"; sourceTree = "<group>"; };
		12A2553E2898A5B200A3BE58 /* SchoolFood-Starter.app */ = {isa = PBXFileReference; explicitFileType = wrapper.application; includeInIndex = 0; path = "SchoolFood-Starter.app"; sourceTree = BUILT_PRODUCTS_DIR; };
		12A255412898A5B200A3BE58 /* AppDelegate.swift */ = {isa = PBXFileReference; lastKnownFileType = sourcecode.swift; path = AppDelegate.swift; sourceTree = "<group>"; };
		12A255432898A5B200A3BE58 /* SceneDelegate.swift */ = {isa = PBXFileReference; lastKnownFileType = sourcecode.swift; path = SceneDelegate.swift; sourceTree = "<group>"; };
		12A255452898A5B200A3BE58 /* OrderViewController.swift */ = {isa = PBXFileReference; lastKnownFileType = sourcecode.swift; path = OrderViewController.swift; sourceTree = "<group>"; };
		12A255482898A5B200A3BE58 /* Base */ = {isa = PBXFileReference; lastKnownFileType = file.storyboard; name = Base; path = Base.lproj/Main.storyboard; sourceTree = "<group>"; };
		12A2554A2898A5B300A3BE58 /* Assets.xcassets */ = {isa = PBXFileReference; lastKnownFileType = folder.assetcatalog; path = Assets.xcassets; sourceTree = "<group>"; };
		12A2554D2898A5B300A3BE58 /* Base */ = {isa = PBXFileReference; lastKnownFileType = file.storyboard; name = Base; path = Base.lproj/LaunchScreen.storyboard; sourceTree = "<group>"; };
		12A2554F2898A5B300A3BE58 /* Info.plist */ = {isa = PBXFileReference; lastKnownFileType = text.plist.xml; path = Info.plist; sourceTree = "<group>"; };
		12A255572898A9B000A3BE58 /* Menu.swift */ = {isa = PBXFileReference; lastKnownFileType = sourcecode.swift; path = Menu.swift; sourceTree = "<group>"; };
		12A255592898B09C00A3BE58 /* OrderTableViewCell.swift */ = {isa = PBXFileReference; lastKnownFileType = sourcecode.swift; path = OrderTableViewCell.swift; sourceTree = "<group>"; };
/* End PBXFileReference section */

/* Begin PBXFrameworksBuildPhase section */
		12A2553B2898A5B200A3BE58 /* Frameworks */ = {
			isa = PBXFrameworksBuildPhase;
			buildActionMask = 2147483647;
			files = (
			);
			runOnlyForDeploymentPostprocessing = 0;
		};
/* End PBXFrameworksBuildPhase section */

/* Begin PBXGroup section */
		123E22722899285D000294D4 /* Extensions */ = {
			isa = PBXGroup;
			children = (
				123E22682898EA64000294D4 /* Int+Extension.swift */,
				124BF902289B86B800834346 /* UIAlertController+Extension.swift */,
			);
			path = Extensions;
			sourceTree = "<group>";
		};
		123E227328992867000294D4 /* Models */ = {
			isa = PBXGroup;
			children = (
				12A255572898A9B000A3BE58 /* Menu.swift */,
			);
			path = Models;
			sourceTree = "<group>";
		};
		123E227428992871000294D4 /* ViewControllers */ = {
			isa = PBXGroup;
			children = (
				12A255452898A5B200A3BE58 /* OrderViewController.swift */,
			);
			path = ViewControllers;
			sourceTree = "<group>";
		};
		123E22752899287C000294D4 /* Views */ = {
			isa = PBXGroup;
			children = (
				12A255592898B09C00A3BE58 /* OrderTableViewCell.swift */,
			);
			path = Views;
			sourceTree = "<group>";
		};
		12A255352898A5B200A3BE58 = {
			isa = PBXGroup;
			children = (
				12A255402898A5B200A3BE58 /* SchoolFood-Starter */,
				12A2553F2898A5B200A3BE58 /* Products */,
			);
			sourceTree = "<group>";
		};
		12A2553F2898A5B200A3BE58 /* Products */ = {
			isa = PBXGroup;
			children = (
				12A2553E2898A5B200A3BE58 /* SchoolFood-Starter.app */,
			);
			name = Products;
			sourceTree = "<group>";
		};
		12A255402898A5B200A3BE58 /* SchoolFood-Starter */ = {
			isa = PBXGroup;
			children = (
				123E22752899287C000294D4 /* Views */,
				123E227428992871000294D4 /* ViewControllers */,
				123E227328992867000294D4 /* Models */,
				123E22722899285D000294D4 /* Extensions */,
				12A255412898A5B200A3BE58 /* AppDelegate.swift */,
				12A255432898A5B200A3BE58 /* SceneDelegate.swift */,
				12A255472898A5B200A3BE58 /* Main.storyboard */,
				12A2554A2898A5B300A3BE58 /* Assets.xcassets */,
				12A2554C2898A5B300A3BE58 /* LaunchScreen.storyboard */,
				12A2554F2898A5B300A3BE58 /* Info.plist */,
			);
			path = "SchoolFood-Starter";
			sourceTree = "<group>";
		};
/* End PBXGroup section */

/* Begin PBXNativeTarget section */
		12A2553D2898A5B200A3BE58 /* SchoolFood-Starter */ = {
			isa = PBXNativeTarget;
			buildConfigurationList = 12A255522898A5B300A3BE58 /* Build configuration list for PBXNativeTarget "SchoolFood-Starter" */;
			buildPhases = (
				12A2553A2898A5B200A3BE58 /* Sources */,
				12A2553B2898A5B200A3BE58 /* Frameworks */,
				12A2553C2898A5B200A3BE58 /* Resources */,
			);
			buildRules = (
			);
			dependencies = (
			);
			name = "SchoolFood-Starter";
			productName = "SchoolFood-Starter";
			productReference = 12A2553E2898A5B200A3BE58 /* SchoolFood-Starter.app */;
			productType = "com.apple.product-type.application";
		};
/* End PBXNativeTarget section */

/* Begin PBXProject section */
		12A255362898A5B200A3BE58 /* Project object */ = {
			isa = PBXProject;
			attributes = {
				BuildIndependentTargetsInParallel = 1;
				LastSwiftUpdateCheck = 1340;
				LastUpgradeCheck = 1340;
				TargetAttributes = {
					12A2553D2898A5B200A3BE58 = {
						CreatedOnToolsVersion = 13.4.1;
					};
				};
			};
			buildConfigurationList = 12A255392898A5B200A3BE58 /* Build configuration list for PBXProject "SchoolFood-Starter" */;
			compatibilityVersion = "Xcode 13.0";
			developmentRegion = en;
			hasScannedForEncodings = 0;
			knownRegions = (
				en,
				Base,
			);
			mainGroup = 12A255352898A5B200A3BE58;
			productRefGroup = 12A2553F2898A5B200A3BE58 /* Products */;
			projectDirPath = "";
			projectRoot = "";
			targets = (
				12A2553D2898A5B200A3BE58 /* SchoolFood-Starter */,
			);
		};
/* End PBXProject section */

/* Begin PBXResourcesBuildPhase section */
		12A2553C2898A5B200A3BE58 /* Resources */ = {
			isa = PBXResourcesBuildPhase;
			buildActionMask = 2147483647;
			files = (
				12A2554E2898A5B300A3BE58 /* LaunchScreen.storyboard in Resources */,
				12A2554B2898A5B300A3BE58 /* Assets.xcassets in Resources */,
				12A255492898A5B200A3BE58 /* Main.storyboard in Resources */,
			);
			runOnlyForDeploymentPostprocessing = 0;
		};
/* End PBXResourcesBuildPhase section */

/* Begin PBXSourcesBuildPhase section */
		12A2553A2898A5B200A3BE58 /* Sources */ = {
			isa = PBXSourcesBuildPhase;
			buildActionMask = 2147483647;
			files = (
				12A255462898A5B200A3BE58 /* OrderViewController.swift in Sources */,
				124BF903289B86B800834346 /* UIAlertController+Extension.swift in Sources */,
				12A2555A2898B09C00A3BE58 /* OrderTableViewCell.swift in Sources */,
				12A255422898A5B200A3BE58 /* AppDelegate.swift in Sources */,
				123E22692898EA64000294D4 /* Int+Extension.swift in Sources */,
				12A255582898A9B000A3BE58 /* Menu.swift in Sources */,
				12A255442898A5B200A3BE58 /* SceneDelegate.swift in Sources */,
			);
			runOnlyForDeploymentPostprocessing = 0;
		};
/* End PBXSourcesBuildPhase section */

/* Begin PBXVariantGroup section */
		12A255472898A5B200A3BE58 /* Main.storyboard */ = {
			isa = PBXVariantGroup;
			children = (
				12A255482898A5B200A3BE58 /* Base */,
			);
			name = Main.storyboard;
			sourceTree = "<group>";
		};
		12A2554C2898A5B300A3BE58 /* LaunchScreen.storyboard */ = {
			isa = PBXVariantGroup;
			children = (
				12A2554D2898A5B300A3BE58 /* Base */,
			);
			name = LaunchScreen.storyboard;
			sourceTree = "<group>";
		};
/* End PBXVariantGroup section */

/* Begin XCBuildConfiguration section */
		12A255502898A5B300A3BE58 /* Debug */ = {
			isa = XCBuildConfiguration;
			buildSettings = {
				ALWAYS_SEARCH_USER_PATHS = NO;
				CLANG_ANALYZER_NONNULL = YES;
				CLANG_ANALYZER_NUMBER_OBJECT_CONVERSION = YES_AGGRESSIVE;
				CLANG_CXX_LANGUAGE_STANDARD = "gnu++17";
				CLANG_ENABLE_MODULES = YES;
				CLANG_ENABLE_OBJC_ARC = YES;
				CLANG_ENABLE_OBJC_WEAK = YES;
				CLANG_WARN_BLOCK_CAPTURE_AUTORELEASING = YES;
				CLANG_WARN_BOOL_CONVERSION = YES;
				CLANG_WARN_COMMA = YES;
				CLANG_WARN_CONSTANT_CONVERSION = YES;
				CLANG_WARN_DEPRECATED_OBJC_IMPLEMENTATIONS = YES;
				CLANG_WARN_DIRECT_OBJC_ISA_USAGE = YES_ERROR;
				CLANG_WARN_DOCUMENTATION_COMMENTS = YES;
				CLANG_WARN_EMPTY_BODY = YES;
				CLANG_WARN_ENUM_CONVERSION = YES;
				CLANG_WARN_INFINITE_RECURSION = YES;
				CLANG_WARN_INT_CONVERSION = YES;
				CLANG_WARN_NON_LITERAL_NULL_CONVERSION = YES;
				CLANG_WARN_OBJC_IMPLICIT_RETAIN_SELF = YES;
				CLANG_WARN_OBJC_LITERAL_CONVERSION = YES;
				CLANG_WARN_OBJC_ROOT_CLASS = YES_ERROR;
				CLANG_WARN_QUOTED_INCLUDE_IN_FRAMEWORK_HEADER = YES;
				CLANG_WARN_RANGE_LOOP_ANALYSIS = YES;
				CLANG_WARN_STRICT_PROTOTYPES = YES;
				CLANG_WARN_SUSPICIOUS_MOVE = YES;
				CLANG_WARN_UNGUARDED_AVAILABILITY = YES_AGGRESSIVE;
				CLANG_WARN_UNREACHABLE_CODE = YES;
				CLANG_WARN__DUPLICATE_METHOD_MATCH = YES;
				COPY_PHASE_STRIP = NO;
				DEBUG_INFORMATION_FORMAT = dwarf;
				ENABLE_STRICT_OBJC_MSGSEND = YES;
				ENABLE_TESTABILITY = YES;
				GCC_C_LANGUAGE_STANDARD = gnu11;
				GCC_DYNAMIC_NO_PIC = NO;
				GCC_NO_COMMON_BLOCKS = YES;
				GCC_OPTIMIZATION_LEVEL = 0;
				GCC_PREPROCESSOR_DEFINITIONS = (
					"DEBUG=1",
					"$(inherited)",
				);
				GCC_WARN_64_TO_32_BIT_CONVERSION = YES;
				GCC_WARN_ABOUT_RETURN_TYPE = YES_ERROR;
				GCC_WARN_UNDECLARED_SELECTOR = YES;
				GCC_WARN_UNINITIALIZED_AUTOS = YES_AGGRESSIVE;
				GCC_WARN_UNUSED_FUNCTION = YES;
				GCC_WARN_UNUSED_VARIABLE = YES;
				IPHONEOS_DEPLOYMENT_TARGET = 15.5;
				MTL_ENABLE_DEBUG_INFO = INCLUDE_SOURCE;
				MTL_FAST_MATH = YES;
				ONLY_ACTIVE_ARCH = YES;
				SDKROOT = iphoneos;
				SWIFT_ACTIVE_COMPILATION_CONDITIONS = DEBUG;
				SWIFT_OPTIMIZATION_LEVEL = "-Onone";
			};
			name = Debug;
		};
		12A255512898A5B300A3BE58 /* Release */ = {
			isa = XCBuildConfiguration;
			buildSettings = {
				ALWAYS_SEARCH_USER_PATHS = NO;
				CLANG_ANALYZER_NONNULL = YES;
				CLANG_ANALYZER_NUMBER_OBJECT_CONVERSION = YES_AGGRESSIVE;
				CLANG_CXX_LANGUAGE_STANDARD = "gnu++17";
				CLANG_ENABLE_MODULES = YES;
				CLANG_ENABLE_OBJC_ARC = YES;
				CLANG_ENABLE_OBJC_WEAK = YES;
				CLANG_WARN_BLOCK_CAPTURE_AUTORELEASING = YES;
				CLANG_WARN_BOOL_CONVERSION = YES;
				CLANG_WARN_COMMA = YES;
				CLANG_WARN_CONSTANT_CONVERSION = YES;
				CLANG_WARN_DEPRECATED_OBJC_IMPLEMENTATIONS = YES;
				CLANG_WARN_DIRECT_OBJC_ISA_USAGE = YES_ERROR;
				CLANG_WARN_DOCUMENTATION_COMMENTS = YES;
				CLANG_WARN_EMPTY_BODY = YES;
				CLANG_WARN_ENUM_CONVERSION = YES;
				CLANG_WARN_INFINITE_RECURSION = YES;
				CLANG_WARN_INT_CONVERSION = YES;
				CLANG_WARN_NON_LITERAL_NULL_CONVERSION = YES;
				CLANG_WARN_OBJC_IMPLICIT_RETAIN_SELF = YES;
				CLANG_WARN_OBJC_LITERAL_CONVERSION = YES;
				CLANG_WARN_OBJC_ROOT_CLASS = YES_ERROR;
				CLANG_WARN_QUOTED_INCLUDE_IN_FRAMEWORK_HEADER = YES;
				CLANG_WARN_RANGE_LOOP_ANALYSIS = YES;
				CLANG_WARN_STRICT_PROTOTYPES = YES;
				CLANG_WARN_SUSPICIOUS_MOVE = YES;
				CLANG_WARN_UNGUARDED_AVAILABILITY = YES_AGGRESSIVE;
				CLANG_WARN_UNREACHABLE_CODE = YES;
				CLANG_WARN__DUPLICATE_METHOD_MATCH = YES;
				COPY_PHASE_STRIP = NO;
				DEBUG_INFORMATION_FORMAT = "dwarf-with-dsym";
				ENABLE_NS_ASSERTIONS = NO;
				ENABLE_STRICT_OBJC_MSGSEND = YES;
				GCC_C_LANGUAGE_STANDARD = gnu11;
				GCC_NO_COMMON_BLOCKS = YES;
				GCC_WARN_64_TO_32_BIT_CONVERSION = YES;
				GCC_WARN_ABOUT_RETURN_TYPE = YES_ERROR;
				GCC_WARN_UNDECLARED_SELECTOR = YES;
				GCC_WARN_UNINITIALIZED_AUTOS = YES_AGGRESSIVE;
				GCC_WARN_UNUSED_FUNCTION = YES;
				GCC_WARN_UNUSED_VARIABLE = YES;
				IPHONEOS_DEPLOYMENT_TARGET = 15.5;
				MTL_ENABLE_DEBUG_INFO = NO;
				MTL_FAST_MATH = YES;
				SDKROOT = iphoneos;
				SWIFT_COMPILATION_MODE = wholemodule;
				SWIFT_OPTIMIZATION_LEVEL = "-O";
				VALIDATE_PRODUCT = YES;
			};
			name = Release;
		};
		12A255532898A5B300A3BE58 /* Debug */ = {
			isa = XCBuildConfiguration;
			buildSettings = {
				ASSETCATALOG_COMPILER_APPICON_NAME = AppIcon;
				ASSETCATALOG_COMPILER_GLOBAL_ACCENT_COLOR_NAME = AccentColor;
				CODE_SIGN_STYLE = Automatic;
				CURRENT_PROJECT_VERSION = 1;
				DEVELOPMENT_TEAM = DX4KVUBK56;
				GENERATE_INFOPLIST_FILE = YES;
				INFOPLIST_FILE = "SchoolFood-Starter/Info.plist";
				INFOPLIST_KEY_UIApplicationSupportsIndirectInputEvents = YES;
				INFOPLIST_KEY_UILaunchStoryboardName = LaunchScreen;
				INFOPLIST_KEY_UIMainStoryboardFile = Main;
				INFOPLIST_KEY_UISupportedInterfaceOrientations_iPad = "UIInterfaceOrientationPortrait UIInterfaceOrientationPortraitUpsideDown UIInterfaceOrientationLandscapeLeft UIInterfaceOrientationLandscapeRight";
				INFOPLIST_KEY_UISupportedInterfaceOrientations_iPhone = "UIInterfaceOrientationPortrait UIInterfaceOrientationLandscapeLeft UIInterfaceOrientationLandscapeRight";
				LD_RUNPATH_SEARCH_PATHS = (
					"$(inherited)",
					"@executable_path/Frameworks",
				);
				MARKETING_VERSION = 1.0;
				PRODUCT_BUNDLE_IDENTIFIER = "com.gmail.KasRoid.SchoolFood-Starter";
				PRODUCT_NAME = "$(TARGET_NAME)";
				SWIFT_EMIT_LOC_STRINGS = YES;
				SWIFT_VERSION = 5.0;
				TARGETED_DEVICE_FAMILY = "1,2";
			};
			name = Debug;
		};
		12A255542898A5B300A3BE58 /* Release */ = {
			isa = XCBuildConfiguration;
			buildSettings = {
				ASSETCATALOG_COMPILER_APPICON_NAME = AppIcon;
				ASSETCATALOG_COMPILER_GLOBAL_ACCENT_COLOR_NAME = AccentColor;
				CODE_SIGN_STYLE = Automatic;
				CURRENT_PROJECT_VERSION = 1;
				DEVELOPMENT_TEAM = DX4KVUBK56;
				GENERATE_INFOPLIST_FILE = YES;
				INFOPLIST_FILE = "SchoolFood-Starter/Info.plist";
				INFOPLIST_KEY_UIApplicationSupportsIndirectInputEvents = YES;
				INFOPLIST_KEY_UILaunchStoryboardName = LaunchScreen;
				INFOPLIST_KEY_UIMainStoryboardFile = Main;
				INFOPLIST_KEY_UISupportedInterfaceOrientations_iPad = "UIInterfaceOrientationPortrait UIInterfaceOrientationPortraitUpsideDown UIInterfaceOrientationLandscapeLeft UIInterfaceOrientationLandscapeRight";
				INFOPLIST_KEY_UISupportedInterfaceOrientations_iPhone = "UIInterfaceOrientationPortrait UIInterfaceOrientationLandscapeLeft UIInterfaceOrientationLandscapeRight";
				LD_RUNPATH_SEARCH_PATHS = (
					"$(inherited)",
					"@executable_path/Frameworks",
				);
				MARKETING_VERSION = 1.0;
				PRODUCT_BUNDLE_IDENTIFIER = "com.gmail.KasRoid.SchoolFood-Starter";
				PRODUCT_NAME = "$(TARGET_NAME)";
				SWIFT_EMIT_LOC_STRINGS = YES;
				SWIFT_VERSION = 5.0;
				TARGETED_DEVICE_FAMILY = "1,2";
			};
			name = Release;
		};
/* End XCBuildConfiguration section */

/* Begin XCConfigurationList section */
		12A255392898A5B200A3BE58 /* Build configuration list for PBXProject "SchoolFood-Starter" */ = {
			isa = XCConfigurationList;
			buildConfigurations = (
				12A255502898A5B300A3BE58 /* Debug */,
				12A255512898A5B300A3BE58 /* Release */,
			);
			defaultConfigurationIsVisible = 0;
			defaultConfigurationName = Release;
		};
		12A255522898A5B300A3BE58 /* Build configuration list for PBXNativeTarget "SchoolFood-Starter" */ = {
			isa = XCConfigurationList;
			buildConfigurations = (
				12A255532898A5B300A3BE58 /* Debug */,
				12A255542898A5B300A3BE58 /* Release */,
			);
			defaultConfigurationIsVisible = 0;
			defaultConfigurationName = Release;
		};
/* End XCConfigurationList section */
	};
	rootObject = 12A255362898A5B200A3BE58 /* Project object */;
}
