// !$*UTF8*$!
{
	archiveVersion = 1;
	classes = {
	};
	objectVersion = 55;
	objects = {

/* Begin PBXBuildFile section */
		3C2ADE3428B6350000EFD1D2 /* SingletonExample.swift in Sources */ = {isa = PBXBuildFile; fileRef = 3C2ADE3328B6350000EFD1D2 /* SingletonExample.swift */; };
		3C2D16C1290694B800E4745C /* PreprocessorViewController.swift in Sources */ = {isa = PBXBuildFile; fileRef = 3C2D16C0290694B800E4745C /* PreprocessorViewController.swift */; };
		3C341F5128E1ABD300A5B817 /* Stadium.swift in Sources */ = {isa = PBXBuildFile; fileRef = 3C341F5028E1ABD300A5B817 /* Stadium.swift */; };
		3C47EBBC28F6BA13003C4506 /* LoginViewController.swift in Sources */ = {isa = PBXBuildFile; fileRef = 3C47EBBB28F6BA13003C4506 /* LoginViewController.swift */; };
		3C47EBC028F6C79A003C4506 /* AppCoordinator.swift in Sources */ = {isa = PBXBuildFile; fileRef = 3C47EBBF28F6C79A003C4506 /* AppCoordinator.swift */; };
		3C47EBC228F6C82A003C4506 /* MainViewController.swift in Sources */ = {isa = PBXBuildFile; fileRef = 3C47EBC128F6C82A003C4506 /* MainViewController.swift */; };
		3C47EBC428F6C8C8003C4506 /* LoginCoordinator.swift in Sources */ = {isa = PBXBuildFile; fileRef = 3C47EBC328F6C8C8003C4506 /* LoginCoordinator.swift */; };
		3C47EBC628F6CF7C003C4506 /* MainCoordinator.swift in Sources */ = {isa = PBXBuildFile; fileRef = 3C47EBC528F6CF7C003C4506 /* MainCoordinator.swift */; };
		3C5209152897D350007C5E4A /* RatingViewController.swift in Sources */ = {isa = PBXBuildFile; fileRef = 3C5209142897D350007C5E4A /* RatingViewController.swift */; };
		3C52091A2897D970007C5E4A /* GestureViewController.swift in Sources */ = {isa = PBXBuildFile; fileRef = 3C5209192897D970007C5E4A /* GestureViewController.swift */; };
		3C52091C2897E5CE007C5E4A /* CustomTableViewCell.swift in Sources */ = {isa = PBXBuildFile; fileRef = 3C52091B2897E5CE007C5E4A /* CustomTableViewCell.swift */; };
		3C52091E2897F007007C5E4A /* AddPlayerViewController.swift in Sources */ = {isa = PBXBuildFile; fileRef = 3C52091D2897F007007C5E4A /* AddPlayerViewController.swift */; };
		3C5C213E28B37DB200AB2265 /* CollectionViewStudyViewController.swift in Sources */ = {isa = PBXBuildFile; fileRef = 3C5C213D28B37DB200AB2265 /* CollectionViewStudyViewController.swift */; };
		3C5C214128B37F4C00AB2265 /* SnapKit in Frameworks */ = {isa = PBXBuildFile; productRef = 3C5C214028B37F4C00AB2265 /* SnapKit */; };
		3C5C214728B3888900AB2265 /* CustomCollectionViewCell.swift in Sources */ = {isa = PBXBuildFile; fileRef = 3C5C214628B3888900AB2265 /* CustomCollectionViewCell.swift */; };
		3C67B90C28C8A7F600264BB5 /* CustomLongButton.swift in Sources */ = {isa = PBXBuildFile; fileRef = 3C67B90B28C8A7F600264BB5 /* CustomLongButton.swift */; };
		3C817AEB288EA1DF00FA52A4 /* AppDelegate.swift in Sources */ = {isa = PBXBuildFile; fileRef = 3C817AEA288EA1DF00FA52A4 /* AppDelegate.swift */; };
		3C817AED288EA1DF00FA52A4 /* SceneDelegate.swift in Sources */ = {isa = PBXBuildFile; fileRef = 3C817AEC288EA1DF00FA52A4 /* SceneDelegate.swift */; };
		3C817AEF288EA1DF00FA52A4 /* ViewController.swift in Sources */ = {isa = PBXBuildFile; fileRef = 3C817AEE288EA1DF00FA52A4 /* ViewController.swift */; };
		3C817AF4288EA1E100FA52A4 /* Assets.xcassets in Resources */ = {isa = PBXBuildFile; fileRef = 3C817AF3288EA1E100FA52A4 /* Assets.xcassets */; };
		3C817AF7288EA1E100FA52A4 /* LaunchScreen.storyboard in Resources */ = {isa = PBXBuildFile; fileRef = 3C817AF5288EA1E100FA52A4 /* LaunchScreen.storyboard */; };
		3C89997A28D86EF3008E6988 /* AsyncAwaitNetworkService.swift in Sources */ = {isa = PBXBuildFile; fileRef = 3C89997928D86EF3008E6988 /* AsyncAwaitNetworkService.swift */; };
		3C89997C28D871D2008E6988 /* AsyncAwaitNetworkError.swift in Sources */ = {isa = PBXBuildFile; fileRef = 3C89997B28D871D2008E6988 /* AsyncAwaitNetworkError.swift */; };
		3C89997F28DB1524008E6988 /* FileManagerViewController.swift in Sources */ = {isa = PBXBuildFile; fileRef = 3C89997E28DB1524008E6988 /* FileManagerViewController.swift */; };
		3C9244C828FD5F52008B2177 /* CombineViewModel.swift in Sources */ = {isa = PBXBuildFile; fileRef = 3C9244C728FD5F52008B2177 /* CombineViewModel.swift */; };
		3C9FBB0B28BCBEC400E502C9 /* AnimationAdvancedViewController.swift in Sources */ = {isa = PBXBuildFile; fileRef = 3C9FBB0A28BCBEC400E502C9 /* AnimationAdvancedViewController.swift */; };
		3C9FBB0E28BCCB1E00E502C9 /* PropertyAnimatorViewController.swift in Sources */ = {isa = PBXBuildFile; fileRef = 3C9FBB0D28BCCB1E00E502C9 /* PropertyAnimatorViewController.swift */; };
		3C9FBB1128BF65D900E502C9 /* URLSessionViewController.swift in Sources */ = {isa = PBXBuildFile; fileRef = 3C9FBB1028BF65D900E502C9 /* URLSessionViewController.swift */; };
		3C9FBB1428BF6F2F00E502C9 /* WeatherInfo.swift in Sources */ = {isa = PBXBuildFile; fileRef = 3C9FBB1328BF6F2F00E502C9 /* WeatherInfo.swift */; };
		3C9FBB1628BF6F8A00E502C9 /* NetworkService.swift in Sources */ = {isa = PBXBuildFile; fileRef = 3C9FBB1528BF6F8A00E502C9 /* NetworkService.swift */; };
		3C9FBB1828BF702600E502C9 /* URL+Extensions.swift in Sources */ = {isa = PBXBuildFile; fileRef = 3C9FBB1728BF702600E502C9 /* URL+Extensions.swift */; };
		3C9FBB1A28BF73D400E502C9 /* OpenWeatherJsonData.swift in Sources */ = {isa = PBXBuildFile; fileRef = 3C9FBB1928BF73D400E502C9 /* OpenWeatherJsonData.swift */; };
		3CA54D0F28D1D0AD00952AAE /* CollapsedTableviewViewController.swift in Sources */ = {isa = PBXBuildFile; fileRef = 3CA54D0E28D1D0AD00952AAE /* CollapsedTableviewViewController.swift */; };
		3CA54D1228D1DF4800952AAE /* InfiniteScrollViewController.swift in Sources */ = {isa = PBXBuildFile; fileRef = 3CA54D1128D1DF4800952AAE /* InfiniteScrollViewController.swift */; };
		3CA54D1428D1E2E500952AAE /* InfiniteScrollViewCollectionViewCell.swift in Sources */ = {isa = PBXBuildFile; fileRef = 3CA54D1328D1E2E500952AAE /* InfiniteScrollViewCollectionViewCell.swift */; };
		3CA61A4728FFF63D00E484A9 /* CombineWeatherViewController.swift in Sources */ = {isa = PBXBuildFile; fileRef = 3CA61A4628FFF63D00E484A9 /* CombineWeatherViewController.swift */; };
		3CA61A4928FFF81600E484A9 /* WeatherServiceCombine.swift in Sources */ = {isa = PBXBuildFile; fileRef = 3CA61A4828FFF81600E484A9 /* WeatherServiceCombine.swift */; };
		3CA61A4B28FFF8CE00E484A9 /* WeatherInfoCombine.swift in Sources */ = {isa = PBXBuildFile; fileRef = 3CA61A4A28FFF8CE00E484A9 /* WeatherInfoCombine.swift */; };
		3CA66309289A73A100D7C036 /* ComponentViewController.swift in Sources */ = {isa = PBXBuildFile; fileRef = 3CA66308289A73A100D7C036 /* ComponentViewController.swift */; };
		3CA6630B289A7B8E00D7C036 /* SecondViewController.swift in Sources */ = {isa = PBXBuildFile; fileRef = 3CA6630A289A7B8E00D7C036 /* SecondViewController.swift */; };
		3CA6630D289A8EE700D7C036 /* AddPlayerTextFieldTableViewCell.swift in Sources */ = {isa = PBXBuildFile; fileRef = 3CA6630C289A8EE700D7C036 /* AddPlayerTextFieldTableViewCell.swift */; };
		3CAE8D0628FD50A800135728 /* CombineViewController.swift in Sources */ = {isa = PBXBuildFile; fileRef = 3CAE8D0528FD50A800135728 /* CombineViewController.swift */; };
		3CB3ABB328C5F55E00FF838B /* DispatchQueueViewController.swift in Sources */ = {isa = PBXBuildFile; fileRef = 3CB3ABB228C5F55E00FF838B /* DispatchQueueViewController.swift */; };
		3CB3ABBA28C89DFB00FF838B /* ResultTypeViewController.swift in Sources */ = {isa = PBXBuildFile; fileRef = 3CB3ABB928C89DFB00FF838B /* ResultTypeViewController.swift */; };
		3CB3ABBC28C89E9A00FF838B /* Quote.swift in Sources */ = {isa = PBXBuildFile; fileRef = 3CB3ABBB28C89E9A00FF838B /* Quote.swift */; };
		3CB3ABBE28C8A0B700FF838B /* NetworkError.swift in Sources */ = {isa = PBXBuildFile; fileRef = 3CB3ABBD28C8A0B700FF838B /* NetworkError.swift */; };
		3CB3ABC028C8A6B100FF838B /* CustomButtonViewController.swift in Sources */ = {isa = PBXBuildFile; fileRef = 3CB3ABBF28C8A6B100FF838B /* CustomButtonViewController.swift */; };
		3CD2C94328E1A44500A05C9D /* MapKitViewController.swift in Sources */ = {isa = PBXBuildFile; fileRef = 3CD2C94228E1A44500A05C9D /* MapKitViewController.swift */; };
		3CDE188628FD570300D26C8C /* CombineNetworkError.swift in Sources */ = {isa = PBXBuildFile; fileRef = 3CDE188528FD570300D26C8C /* CombineNetworkError.swift */; };
		3CDE188828FD576200D26C8C /* CombineURL.swift in Sources */ = {isa = PBXBuildFile; fileRef = 3CDE188728FD576200D26C8C /* CombineURL.swift */; };
		3CDE188A28FD57C300D26C8C /* CombineQuote.swift in Sources */ = {isa = PBXBuildFile; fileRef = 3CDE188928FD57C300D26C8C /* CombineQuote.swift */; };
		3CDE188C28FD57E400D26C8C /* CombineAPIService.swift in Sources */ = {isa = PBXBuildFile; fileRef = 3CDE188B28FD57E400D26C8C /* CombineAPIService.swift */; };
		3CEA6D4128D8697400B7CEB4 /* AsyncAwaitViewController.swift in Sources */ = {isa = PBXBuildFile; fileRef = 3CEA6D4028D8697400B7CEB4 /* AsyncAwaitViewController.swift */; };
		3CEA6D4328D86C2D00B7CEB4 /* Quotes.swift in Sources */ = {isa = PBXBuildFile; fileRef = 3CEA6D4228D86C2D00B7CEB4 /* Quotes.swift */; };
		3CF8A10B28B3943E00F7E86C /* FirstDelegateViewController.swift in Sources */ = {isa = PBXBuildFile; fileRef = 3CF8A10A28B3943E00F7E86C /* FirstDelegateViewController.swift */; };
		3CF8A10D28B3944900F7E86C /* SecondDelegateViewController.swift in Sources */ = {isa = PBXBuildFile; fileRef = 3CF8A10C28B3944900F7E86C /* SecondDelegateViewController.swift */; };
		3CF8A11028B6208500F7E86C /* UserDefaultsViewController.swift in Sources */ = {isa = PBXBuildFile; fileRef = 3CF8A10F28B6208500F7E86C /* UserDefaultsViewController.swift */; };
		3CF8A11328B6283C00F7E86C /* AnimationViewController.swift in Sources */ = {isa = PBXBuildFile; fileRef = 3CF8A11228B6283C00F7E86C /* AnimationViewController.swift */; };
		3CFE8471292B7E5300CB1E93 /* TddLoginViewController.swift in Sources */ = {isa = PBXBuildFile; fileRef = 3CFE8470292B7E5300CB1E93 /* TddLoginViewController.swift */; };
		3CFE8473292B808900CB1E93 /* TddHomeViewController.swift in Sources */ = {isa = PBXBuildFile; fileRef = 3CFE8472292B808900CB1E93 /* TddHomeViewController.swift */; };
		3CFE8475292B80A900CB1E93 /* TddLoginError.swift in Sources */ = {isa = PBXBuildFile; fileRef = 3CFE8474292B80A900CB1E93 /* TddLoginError.swift */; };
		3CFE8477292B823600CB1E93 /* TddUser.swift in Sources */ = {isa = PBXBuildFile; fileRef = 3CFE8476292B823600CB1E93 /* TddUser.swift */; };
		3CFE8479292B82C000CB1E93 /* TddLoginValidator.swift in Sources */ = {isa = PBXBuildFile; fileRef = 3CFE8478292B82C000CB1E93 /* TddLoginValidator.swift */; };
		3CFE8481292B855600CB1E93 /* DPStudy_UIKitUITests.swift in Sources */ = {isa = PBXBuildFile; fileRef = 3CFE8480292B855600CB1E93 /* DPStudy_UIKitUITests.swift */; };
		3CFE8483292B855600CB1E93 /* DPStudy_UIKitUITestsLaunchTests.swift in Sources */ = {isa = PBXBuildFile; fileRef = 3CFE8482292B855600CB1E93 /* DPStudy_UIKitUITestsLaunchTests.swift */; };
		3CFE848D292B884A00CB1E93 /* TddLoginFlowUITest.swift in Sources */ = {isa = PBXBuildFile; fileRef = 3CFE848A292B85D700CB1E93 /* TddLoginFlowUITest.swift */; };
		3CFE8495292B8FF200CB1E93 /* DPStudy_UIKitTests.swift in Sources */ = {isa = PBXBuildFile; fileRef = 3CFE8494292B8FF200CB1E93 /* DPStudy_UIKitTests.swift */; };
		3CFE849E292B912900CB1E93 /* TddLoginValidatorTest.swift in Sources */ = {isa = PBXBuildFile; fileRef = 3CFE849C292B909B00CB1E93 /* TddLoginValidatorTest.swift */; };
/* End PBXBuildFile section */

/* Begin PBXContainerItemProxy section */
		3CFE8484292B855600CB1E93 /* PBXContainerItemProxy */ = {
			isa = PBXContainerItemProxy;
			containerPortal = 3C817ADF288EA1DF00FA52A4 /* Project object */;
			proxyType = 1;
			remoteGlobalIDString = 3C817AE6288EA1DF00FA52A4;
			remoteInfo = DPStudy_UIKit;
		};
		3CFE8496292B8FF200CB1E93 /* PBXContainerItemProxy */ = {
			isa = PBXContainerItemProxy;
			containerPortal = 3C817ADF288EA1DF00FA52A4 /* Project object */;
			proxyType = 1;
			remoteGlobalIDString = 3C817AE6288EA1DF00FA52A4;
			remoteInfo = DPStudy_UIKit;
		};
/* End PBXContainerItemProxy section */

/* Begin PBXFileReference section */
		3C2ADE3328B6350000EFD1D2 /* SingletonExample.swift */ = {isa = PBXFileReference; lastKnownFileType = sourcecode.swift; path = SingletonExample.swift; sourceTree = "<group>"; };
		3C2D16C0290694B800E4745C /* PreprocessorViewController.swift */ = {isa = PBXFileReference; lastKnownFileType = sourcecode.swift; path = PreprocessorViewController.swift; sourceTree = "<group>"; };
		3C341F5028E1ABD300A5B817 /* Stadium.swift */ = {isa = PBXFileReference; lastKnownFileType = sourcecode.swift; path = Stadium.swift; sourceTree = "<group>"; };
		3C47EBBB28F6BA13003C4506 /* LoginViewController.swift */ = {isa = PBXFileReference; lastKnownFileType = sourcecode.swift; path = LoginViewController.swift; sourceTree = "<group>"; };
		3C47EBBF28F6C79A003C4506 /* AppCoordinator.swift */ = {isa = PBXFileReference; lastKnownFileType = sourcecode.swift; path = AppCoordinator.swift; sourceTree = "<group>"; };
		3C47EBC128F6C82A003C4506 /* MainViewController.swift */ = {isa = PBXFileReference; lastKnownFileType = sourcecode.swift; path = MainViewController.swift; sourceTree = "<group>"; };
		3C47EBC328F6C8C8003C4506 /* LoginCoordinator.swift */ = {isa = PBXFileReference; lastKnownFileType = sourcecode.swift; path = LoginCoordinator.swift; sourceTree = "<group>"; };
		3C47EBC528F6CF7C003C4506 /* MainCoordinator.swift */ = {isa = PBXFileReference; lastKnownFileType = sourcecode.swift; path = MainCoordinator.swift; sourceTree = "<group>"; };
		3C5209142897D350007C5E4A /* RatingViewController.swift */ = {isa = PBXFileReference; lastKnownFileType = sourcecode.swift; path = RatingViewController.swift; sourceTree = "<group>"; };
		3C5209192897D970007C5E4A /* GestureViewController.swift */ = {isa = PBXFileReference; lastKnownFileType = sourcecode.swift; path = GestureViewController.swift; sourceTree = "<group>"; };
		3C52091B2897E5CE007C5E4A /* CustomTableViewCell.swift */ = {isa = PBXFileReference; lastKnownFileType = sourcecode.swift; path = CustomTableViewCell.swift; sourceTree = "<group>"; };
		3C52091D2897F007007C5E4A /* AddPlayerViewController.swift */ = {isa = PBXFileReference; lastKnownFileType = sourcecode.swift; path = AddPlayerViewController.swift; sourceTree = "<group>"; };
		3C5C213D28B37DB200AB2265 /* CollectionViewStudyViewController.swift */ = {isa = PBXFileReference; lastKnownFileType = sourcecode.swift; path = CollectionViewStudyViewController.swift; sourceTree = "<group>"; };
		3C5C214628B3888900AB2265 /* CustomCollectionViewCell.swift */ = {isa = PBXFileReference; lastKnownFileType = sourcecode.swift; path = CustomCollectionViewCell.swift; sourceTree = "<group>"; };
		3C67B90B28C8A7F600264BB5 /* CustomLongButton.swift */ = {isa = PBXFileReference; lastKnownFileType = sourcecode.swift; path = CustomLongButton.swift; sourceTree = "<group>"; };
		3C817AE7288EA1DF00FA52A4 /* Debug.app */ = {isa = PBXFileReference; explicitFileType = wrapper.application; includeInIndex = 0; path = Debug.app; sourceTree = BUILT_PRODUCTS_DIR; };
		3C817AEA288EA1DF00FA52A4 /* AppDelegate.swift */ = {isa = PBXFileReference; lastKnownFileType = sourcecode.swift; path = AppDelegate.swift; sourceTree = "<group>"; };
		3C817AEC288EA1DF00FA52A4 /* SceneDelegate.swift */ = {isa = PBXFileReference; lastKnownFileType = sourcecode.swift; path = SceneDelegate.swift; sourceTree = "<group>"; };
		3C817AEE288EA1DF00FA52A4 /* ViewController.swift */ = {isa = PBXFileReference; lastKnownFileType = sourcecode.swift; path = ViewController.swift; sourceTree = "<group>"; };
		3C817AF3288EA1E100FA52A4 /* Assets.xcassets */ = {isa = PBXFileReference; lastKnownFileType = folder.assetcatalog; path = Assets.xcassets; sourceTree = "<group>"; };
		3C817AF6288EA1E100FA52A4 /* Base */ = {isa = PBXFileReference; lastKnownFileType = file.storyboard; name = Base; path = Base.lproj/LaunchScreen.storyboard; sourceTree = "<group>"; };
		3C817AF8288EA1E100FA52A4 /* Info.plist */ = {isa = PBXFileReference; lastKnownFileType = text.plist.xml; path = Info.plist; sourceTree = "<group>"; };
		3C89997928D86EF3008E6988 /* AsyncAwaitNetworkService.swift */ = {isa = PBXFileReference; lastKnownFileType = sourcecode.swift; path = AsyncAwaitNetworkService.swift; sourceTree = "<group>"; };
		3C89997B28D871D2008E6988 /* AsyncAwaitNetworkError.swift */ = {isa = PBXFileReference; lastKnownFileType = sourcecode.swift; path = AsyncAwaitNetworkError.swift; sourceTree = "<group>"; };
		3C89997E28DB1524008E6988 /* FileManagerViewController.swift */ = {isa = PBXFileReference; lastKnownFileType = sourcecode.swift; path = FileManagerViewController.swift; sourceTree = "<group>"; };
		3C9244C728FD5F52008B2177 /* CombineViewModel.swift */ = {isa = PBXFileReference; lastKnownFileType = sourcecode.swift; path = CombineViewModel.swift; sourceTree = "<group>"; };
		3C9FBB0A28BCBEC400E502C9 /* AnimationAdvancedViewController.swift */ = {isa = PBXFileReference; lastKnownFileType = sourcecode.swift; path = AnimationAdvancedViewController.swift; sourceTree = "<group>"; };
		3C9FBB0D28BCCB1E00E502C9 /* PropertyAnimatorViewController.swift */ = {isa = PBXFileReference; lastKnownFileType = sourcecode.swift; path = PropertyAnimatorViewController.swift; sourceTree = "<group>"; };
		3C9FBB1028BF65D900E502C9 /* URLSessionViewController.swift */ = {isa = PBXFileReference; lastKnownFileType = sourcecode.swift; path = URLSessionViewController.swift; sourceTree = "<group>"; };
		3C9FBB1328BF6F2F00E502C9 /* WeatherInfo.swift */ = {isa = PBXFileReference; lastKnownFileType = sourcecode.swift; path = WeatherInfo.swift; sourceTree = "<group>"; };
		3C9FBB1528BF6F8A00E502C9 /* NetworkService.swift */ = {isa = PBXFileReference; lastKnownFileType = sourcecode.swift; path = NetworkService.swift; sourceTree = "<group>"; };
		3C9FBB1728BF702600E502C9 /* URL+Extensions.swift */ = {isa = PBXFileReference; lastKnownFileType = sourcecode.swift; path = "URL+Extensions.swift"; sourceTree = "<group>"; };
		3C9FBB1928BF73D400E502C9 /* OpenWeatherJsonData.swift */ = {isa = PBXFileReference; lastKnownFileType = sourcecode.swift; path = OpenWeatherJsonData.swift; sourceTree = "<group>"; };
		3CA54D0E28D1D0AD00952AAE /* CollapsedTableviewViewController.swift */ = {isa = PBXFileReference; lastKnownFileType = sourcecode.swift; path = CollapsedTableviewViewController.swift; sourceTree = "<group>"; };
		3CA54D1128D1DF4800952AAE /* InfiniteScrollViewController.swift */ = {isa = PBXFileReference; lastKnownFileType = sourcecode.swift; path = InfiniteScrollViewController.swift; sourceTree = "<group>"; };
		3CA54D1328D1E2E500952AAE /* InfiniteScrollViewCollectionViewCell.swift */ = {isa = PBXFileReference; lastKnownFileType = sourcecode.swift; path = InfiniteScrollViewCollectionViewCell.swift; sourceTree = "<group>"; };
		3CA61A4628FFF63D00E484A9 /* CombineWeatherViewController.swift */ = {isa = PBXFileReference; lastKnownFileType = sourcecode.swift; path = CombineWeatherViewController.swift; sourceTree = "<group>"; };
		3CA61A4828FFF81600E484A9 /* WeatherServiceCombine.swift */ = {isa = PBXFileReference; lastKnownFileType = sourcecode.swift; path = WeatherServiceCombine.swift; sourceTree = "<group>"; };
		3CA61A4A28FFF8CE00E484A9 /* WeatherInfoCombine.swift */ = {isa = PBXFileReference; lastKnownFileType = sourcecode.swift; path = WeatherInfoCombine.swift; sourceTree = "<group>"; };
		3CA66308289A73A100D7C036 /* ComponentViewController.swift */ = {isa = PBXFileReference; lastKnownFileType = sourcecode.swift; path = ComponentViewController.swift; sourceTree = "<group>"; };
		3CA6630A289A7B8E00D7C036 /* SecondViewController.swift */ = {isa = PBXFileReference; lastKnownFileType = sourcecode.swift; path = SecondViewController.swift; sourceTree = "<group>"; };
		3CA6630C289A8EE700D7C036 /* AddPlayerTextFieldTableViewCell.swift */ = {isa = PBXFileReference; lastKnownFileType = sourcecode.swift; path = AddPlayerTextFieldTableViewCell.swift; sourceTree = "<group>"; };
		3CAE8D0528FD50A800135728 /* CombineViewController.swift */ = {isa = PBXFileReference; lastKnownFileType = sourcecode.swift; path = CombineViewController.swift; sourceTree = "<group>"; };
		3CB3ABB228C5F55E00FF838B /* DispatchQueueViewController.swift */ = {isa = PBXFileReference; lastKnownFileType = sourcecode.swift; path = DispatchQueueViewController.swift; sourceTree = "<group>"; };
		3CB3ABB928C89DFB00FF838B /* ResultTypeViewController.swift */ = {isa = PBXFileReference; lastKnownFileType = sourcecode.swift; path = ResultTypeViewController.swift; sourceTree = "<group>"; };
		3CB3ABBB28C89E9A00FF838B /* Quote.swift */ = {isa = PBXFileReference; lastKnownFileType = sourcecode.swift; path = Quote.swift; sourceTree = "<group>"; };
		3CB3ABBD28C8A0B700FF838B /* NetworkError.swift */ = {isa = PBXFileReference; lastKnownFileType = sourcecode.swift; path = NetworkError.swift; sourceTree = "<group>"; };
		3CB3ABBF28C8A6B100FF838B /* CustomButtonViewController.swift */ = {isa = PBXFileReference; lastKnownFileType = sourcecode.swift; path = CustomButtonViewController.swift; sourceTree = "<group>"; };
		3CD2C94228E1A44500A05C9D /* MapKitViewController.swift */ = {isa = PBXFileReference; lastKnownFileType = sourcecode.swift; path = MapKitViewController.swift; sourceTree = "<group>"; };
		3CDE188528FD570300D26C8C /* CombineNetworkError.swift */ = {isa = PBXFileReference; lastKnownFileType = sourcecode.swift; path = CombineNetworkError.swift; sourceTree = "<group>"; };
		3CDE188728FD576200D26C8C /* CombineURL.swift */ = {isa = PBXFileReference; lastKnownFileType = sourcecode.swift; path = CombineURL.swift; sourceTree = "<group>"; };
		3CDE188928FD57C300D26C8C /* CombineQuote.swift */ = {isa = PBXFileReference; lastKnownFileType = sourcecode.swift; path = CombineQuote.swift; sourceTree = "<group>"; };
		3CDE188B28FD57E400D26C8C /* CombineAPIService.swift */ = {isa = PBXFileReference; lastKnownFileType = sourcecode.swift; path = CombineAPIService.swift; sourceTree = "<group>"; };
		3CEA6D4028D8697400B7CEB4 /* AsyncAwaitViewController.swift */ = {isa = PBXFileReference; lastKnownFileType = sourcecode.swift; path = AsyncAwaitViewController.swift; sourceTree = "<group>"; };
		3CEA6D4228D86C2D00B7CEB4 /* Quotes.swift */ = {isa = PBXFileReference; lastKnownFileType = sourcecode.swift; path = Quotes.swift; sourceTree = "<group>"; };
		3CF8A10A28B3943E00F7E86C /* FirstDelegateViewController.swift */ = {isa = PBXFileReference; lastKnownFileType = sourcecode.swift; path = FirstDelegateViewController.swift; sourceTree = "<group>"; };
		3CF8A10C28B3944900F7E86C /* SecondDelegateViewController.swift */ = {isa = PBXFileReference; lastKnownFileType = sourcecode.swift; path = SecondDelegateViewController.swift; sourceTree = "<group>"; };
		3CF8A10F28B6208500F7E86C /* UserDefaultsViewController.swift */ = {isa = PBXFileReference; lastKnownFileType = sourcecode.swift; path = UserDefaultsViewController.swift; sourceTree = "<group>"; };
		3CF8A11228B6283C00F7E86C /* AnimationViewController.swift */ = {isa = PBXFileReference; lastKnownFileType = sourcecode.swift; path = AnimationViewController.swift; sourceTree = "<group>"; };
		3CFE8470292B7E5300CB1E93 /* TddLoginViewController.swift */ = {isa = PBXFileReference; lastKnownFileType = sourcecode.swift; path = TddLoginViewController.swift; sourceTree = "<group>"; };
		3CFE8472292B808900CB1E93 /* TddHomeViewController.swift */ = {isa = PBXFileReference; lastKnownFileType = sourcecode.swift; path = TddHomeViewController.swift; sourceTree = "<group>"; };
		3CFE8474292B80A900CB1E93 /* TddLoginError.swift */ = {isa = PBXFileReference; lastKnownFileType = sourcecode.swift; path = TddLoginError.swift; sourceTree = "<group>"; };
		3CFE8476292B823600CB1E93 /* TddUser.swift */ = {isa = PBXFileReference; lastKnownFileType = sourcecode.swift; path = TddUser.swift; sourceTree = "<group>"; };
		3CFE8478292B82C000CB1E93 /* TddLoginValidator.swift */ = {isa = PBXFileReference; lastKnownFileType = sourcecode.swift; path = TddLoginValidator.swift; sourceTree = "<group>"; };
		3CFE847E292B855600CB1E93 /* DPStudy_UIKitUITests.xctest */ = {isa = PBXFileReference; explicitFileType = wrapper.cfbundle; includeInIndex = 0; path = DPStudy_UIKitUITests.xctest; sourceTree = BUILT_PRODUCTS_DIR; };
		3CFE8480292B855600CB1E93 /* DPStudy_UIKitUITests.swift */ = {isa = PBXFileReference; lastKnownFileType = sourcecode.swift; path = DPStudy_UIKitUITests.swift; sourceTree = "<group>"; };
		3CFE8482292B855600CB1E93 /* DPStudy_UIKitUITestsLaunchTests.swift */ = {isa = PBXFileReference; lastKnownFileType = sourcecode.swift; path = DPStudy_UIKitUITestsLaunchTests.swift; sourceTree = "<group>"; };
		3CFE848A292B85D700CB1E93 /* TddLoginFlowUITest.swift */ = {isa = PBXFileReference; lastKnownFileType = sourcecode.swift; name = TddLoginFlowUITest.swift; path = DPStudy_UIKitUITests/TddLoginFlowUITest.swift; sourceTree = SOURCE_ROOT; };
		3CFE8492292B8FF200CB1E93 /* DPStudy_UIKitTests.xctest */ = {isa = PBXFileReference; explicitFileType = wrapper.cfbundle; includeInIndex = 0; path = DPStudy_UIKitTests.xctest; sourceTree = BUILT_PRODUCTS_DIR; };
		3CFE8494292B8FF200CB1E93 /* DPStudy_UIKitTests.swift */ = {isa = PBXFileReference; lastKnownFileType = sourcecode.swift; path = DPStudy_UIKitTests.swift; sourceTree = "<group>"; };
		3CFE849C292B909B00CB1E93 /* TddLoginValidatorTest.swift */ = {isa = PBXFileReference; lastKnownFileType = sourcecode.swift; path = TddLoginValidatorTest.swift; sourceTree = "<group>"; };
/* End PBXFileReference section */

/* Begin PBXFrameworksBuildPhase section */
		3C817AE4288EA1DF00FA52A4 /* Frameworks */ = {
			isa = PBXFrameworksBuildPhase;
			buildActionMask = 2147483647;
			files = (
				3C5C214128B37F4C00AB2265 /* SnapKit in Frameworks */,
			);
			runOnlyForDeploymentPostprocessing = 0;
		};
		3CFE847B292B855600CB1E93 /* Frameworks */ = {
			isa = PBXFrameworksBuildPhase;
			buildActionMask = 2147483647;
			files = (
			);
			runOnlyForDeploymentPostprocessing = 0;
		};
		3CFE848F292B8FF200CB1E93 /* Frameworks */ = {
			isa = PBXFrameworksBuildPhase;
			buildActionMask = 2147483647;
			files = (
			);
			runOnlyForDeploymentPostprocessing = 0;
		};
/* End PBXFrameworksBuildPhase section */

/* Begin PBXGroup section */
		3C2D16BF29068C5F00E4745C /* 1024 */ = {
			isa = PBXGroup;
			children = (
				3C2D16C0290694B800E4745C /* PreprocessorViewController.swift */,
			);
			path = 1024;
			sourceTree = "<group>";
		};
		3C47EBBA28F6B9E9003C4506 /* 1012Coordinator */ = {
			isa = PBXGroup;
			children = (
				3C47EBBE28F6C6DD003C4506 /* Controllers */,
				3C47EBBD28F6C6D4003C4506 /* Coordinators */,
			);
			path = 1012Coordinator;
			sourceTree = "<group>";
		};
		3C47EBBD28F6C6D4003C4506 /* Coordinators */ = {
			isa = PBXGroup;
			children = (
				3C47EBBF28F6C79A003C4506 /* AppCoordinator.swift */,
				3C47EBC528F6CF7C003C4506 /* MainCoordinator.swift */,
				3C47EBC328F6C8C8003C4506 /* LoginCoordinator.swift */,
			);
			path = Coordinators;
			sourceTree = "<group>";
		};
		3C47EBBE28F6C6DD003C4506 /* Controllers */ = {
			isa = PBXGroup;
			children = (
				3C47EBBB28F6BA13003C4506 /* LoginViewController.swift */,
				3C47EBC128F6C82A003C4506 /* MainViewController.swift */,
			);
			path = Controllers;
			sourceTree = "<group>";
		};
		3C5209162897D358007C5E4A /* Rating */ = {
			isa = PBXGroup;
			children = (
				3CA6630C289A8EE700D7C036 /* AddPlayerTextFieldTableViewCell.swift */,
				3C5209142897D350007C5E4A /* RatingViewController.swift */,
				3C52091D2897F007007C5E4A /* AddPlayerViewController.swift */,
				3C52091B2897E5CE007C5E4A /* CustomTableViewCell.swift */,
				3C5209192897D970007C5E4A /* GestureViewController.swift */,
			);
			path = Rating;
			sourceTree = "<group>";
		};
		3C5C213C28B37D9800AB2265 /* 0822CollectionView */ = {
			isa = PBXGroup;
			children = (
				3C5C213D28B37DB200AB2265 /* CollectionViewStudyViewController.swift */,
				3C5C214628B3888900AB2265 /* CustomCollectionViewCell.swift */,
			);
			path = 0822CollectionView;
			sourceTree = "<group>";
		};
		3C67B90D28C8A81500264BB5 /* 0907CustomButton */ = {
			isa = PBXGroup;
			children = (
				3C67B90B28C8A7F600264BB5 /* CustomLongButton.swift */,
				3CB3ABBF28C8A6B100FF838B /* CustomButtonViewController.swift */,
			);
			path = 0907CustomButton;
			sourceTree = "<group>";
		};
		3C817ADE288EA1DF00FA52A4 = {
			isa = PBXGroup;
			children = (
				3C817AE9288EA1DF00FA52A4 /* DPStudy_UIKit */,
				3CFE847F292B855600CB1E93 /* DPStudy_UIKitUITests */,
				3CFE8493292B8FF200CB1E93 /* DPStudy_UIKitTests */,
				3C817AE8288EA1DF00FA52A4 /* Products */,
			);
			sourceTree = "<group>";
		};
		3C817AE8288EA1DF00FA52A4 /* Products */ = {
			isa = PBXGroup;
			children = (
				3C817AE7288EA1DF00FA52A4 /* Debug.app */,
				3CFE847E292B855600CB1E93 /* DPStudy_UIKitUITests.xctest */,
				3CFE8492292B8FF200CB1E93 /* DPStudy_UIKitTests.xctest */,
			);
			name = Products;
			sourceTree = "<group>";
		};
		3C817AE9288EA1DF00FA52A4 /* DPStudy_UIKit */ = {
			isa = PBXGroup;
			children = (
				3CFE846F292B7E3400CB1E93 /* 1121TDD-Example */,
				3C2D16BF29068C5F00E4745C /* 1024 */,
				3CA61A4528FFF61100E484A9 /* 1019CombineWeather */,
				3CAE8D0428FD509100135728 /* 1017Combine */,
				3C47EBBA28F6B9E9003C4506 /* 1012Coordinator */,
				3CD2C94128E1A40500A05C9D /* 0926MapKit */,
				3C89997D28DB14FD008E6988 /* 0921FileManager */,
				3CEA6D3F28D8695900B7CEB4 /* 0919AsyncAwait */,
				3CA54D1028D1DF2200952AAE /* 0914InfiniteScroll */,
				3CA54D0D28D1CE0700952AAE /* 0914CollapsedTableview */,
				3C67B90D28C8A81500264BB5 /* 0907CustomButton */,
				3CB3ABB828C89DE300FF838B /* 0907ResultType */,
				3CB3ABB128C5F54100FF838B /* 0905DispatchQueue */,
				3C9FBB0F28BF65BF00E502C9 /* 0831URLSession */,
				3C9FBB0C28BCCB0000E502C9 /* 0829PropertyAnimator */,
				3C9FBB0928BCBEA600E502C9 /* 0829AnimationAdvanced */,
				3CF8A11128B6282200F7E86C /* 0824Animation */,
				3CF8A10E28B6205700F7E86C /* 0824UserDefaults */,
				3CF8A10928B3942700F7E86C /* 0822DelegateStudy */,
				3C5C213C28B37D9800AB2265 /* 0822CollectionView */,
				3C5209162897D358007C5E4A /* Rating */,
				3CA66307289A737100D7C036 /* Component-Starter */,
				3C817AEA288EA1DF00FA52A4 /* AppDelegate.swift */,
				3C817AEC288EA1DF00FA52A4 /* SceneDelegate.swift */,
				3C817AEE288EA1DF00FA52A4 /* ViewController.swift */,
				3C2ADE3328B6350000EFD1D2 /* SingletonExample.swift */,
				3C817AF3288EA1E100FA52A4 /* Assets.xcassets */,
				3C817AF5288EA1E100FA52A4 /* LaunchScreen.storyboard */,
				3C817AF8288EA1E100FA52A4 /* Info.plist */,
			);
			path = DPStudy_UIKit;
			sourceTree = "<group>";
		};
		3C89997D28DB14FD008E6988 /* 0921FileManager */ = {
			isa = PBXGroup;
			children = (
				3C89997E28DB1524008E6988 /* FileManagerViewController.swift */,
			);
			path = 0921FileManager;
			sourceTree = "<group>";
		};
		3C9FBB0928BCBEA600E502C9 /* 0829AnimationAdvanced */ = {
			isa = PBXGroup;
			children = (
				3C9FBB0A28BCBEC400E502C9 /* AnimationAdvancedViewController.swift */,
			);
			path = 0829AnimationAdvanced;
			sourceTree = "<group>";
		};
		3C9FBB0C28BCCB0000E502C9 /* 0829PropertyAnimator */ = {
			isa = PBXGroup;
			children = (
				3C9FBB0D28BCCB1E00E502C9 /* PropertyAnimatorViewController.swift */,
			);
			path = 0829PropertyAnimator;
			sourceTree = "<group>";
		};
		3C9FBB0F28BF65BF00E502C9 /* 0831URLSession */ = {
			isa = PBXGroup;
			children = (
				3C9FBB1528BF6F8A00E502C9 /* NetworkService.swift */,
				3C9FBB1728BF702600E502C9 /* URL+Extensions.swift */,
				3C9FBB1928BF73D400E502C9 /* OpenWeatherJsonData.swift */,
				3C9FBB1228BF6F1F00E502C9 /* Model */,
				3C9FBB1028BF65D900E502C9 /* URLSessionViewController.swift */,
			);
			path = 0831URLSession;
			sourceTree = "<group>";
		};
		3C9FBB1228BF6F1F00E502C9 /* Model */ = {
			isa = PBXGroup;
			children = (
				3C9FBB1328BF6F2F00E502C9 /* WeatherInfo.swift */,
			);
			path = Model;
			sourceTree = "<group>";
		};
		3CA54D0D28D1CE0700952AAE /* 0914CollapsedTableview */ = {
			isa = PBXGroup;
			children = (
				3CA54D0E28D1D0AD00952AAE /* CollapsedTableviewViewController.swift */,
			);
			path = 0914CollapsedTableview;
			sourceTree = "<group>";
		};
		3CA54D1028D1DF2200952AAE /* 0914InfiniteScroll */ = {
			isa = PBXGroup;
			children = (
				3CA54D1128D1DF4800952AAE /* InfiniteScrollViewController.swift */,
				3CA54D1328D1E2E500952AAE /* InfiniteScrollViewCollectionViewCell.swift */,
			);
			path = 0914InfiniteScroll;
			sourceTree = "<group>";
		};
		3CA61A4428FFF60B00E484A9 /* New Group */ = {
			isa = PBXGroup;
			children = (
			);
			path = "New Group";
			sourceTree = "<group>";
		};
		3CA61A4528FFF61100E484A9 /* 1019CombineWeather */ = {
			isa = PBXGroup;
			children = (
				3CA61A4628FFF63D00E484A9 /* CombineWeatherViewController.swift */,
				3CA61A4828FFF81600E484A9 /* WeatherServiceCombine.swift */,
				3CA61A4A28FFF8CE00E484A9 /* WeatherInfoCombine.swift */,
			);
			path = 1019CombineWeather;
			sourceTree = "<group>";
		};
		3CA66307289A737100D7C036 /* Component-Starter */ = {
			isa = PBXGroup;
			children = (
				3CA66308289A73A100D7C036 /* ComponentViewController.swift */,
				3CA6630A289A7B8E00D7C036 /* SecondViewController.swift */,
			);
			path = "Component-Starter";
			sourceTree = "<group>";
		};
		3CAE8D0428FD509100135728 /* 1017Combine */ = {
			isa = PBXGroup;
			children = (
				3CA61A4428FFF60B00E484A9 /* New Group */,
				3CAE8D0528FD50A800135728 /* CombineViewController.swift */,
				3CDE188528FD570300D26C8C /* CombineNetworkError.swift */,
				3CDE188728FD576200D26C8C /* CombineURL.swift */,
				3CDE188B28FD57E400D26C8C /* CombineAPIService.swift */,
				3C9244C728FD5F52008B2177 /* CombineViewModel.swift */,
				3CDE188928FD57C300D26C8C /* CombineQuote.swift */,
			);
			path = 1017Combine;
			sourceTree = "<group>";
		};
		3CB3ABB128C5F54100FF838B /* 0905DispatchQueue */ = {
			isa = PBXGroup;
			children = (
				3CB3ABB228C5F55E00FF838B /* DispatchQueueViewController.swift */,
			);
			path = 0905DispatchQueue;
			sourceTree = "<group>";
		};
		3CB3ABB828C89DE300FF838B /* 0907ResultType */ = {
			isa = PBXGroup;
			children = (
				3CB3ABB928C89DFB00FF838B /* ResultTypeViewController.swift */,
				3CB3ABBD28C8A0B700FF838B /* NetworkError.swift */,
				3CB3ABBB28C89E9A00FF838B /* Quote.swift */,
			);
			path = 0907ResultType;
			sourceTree = "<group>";
		};
		3CD2C94128E1A40500A05C9D /* 0926MapKit */ = {
			isa = PBXGroup;
			children = (
				3CD2C94228E1A44500A05C9D /* MapKitViewController.swift */,
				3C341F5028E1ABD300A5B817 /* Stadium.swift */,
			);
			path = 0926MapKit;
			sourceTree = "<group>";
		};
		3CEA6D3F28D8695900B7CEB4 /* 0919AsyncAwait */ = {
			isa = PBXGroup;
			children = (
				3CEA6D4028D8697400B7CEB4 /* AsyncAwaitViewController.swift */,
				3CEA6D4228D86C2D00B7CEB4 /* Quotes.swift */,
				3C89997928D86EF3008E6988 /* AsyncAwaitNetworkService.swift */,
				3C89997B28D871D2008E6988 /* AsyncAwaitNetworkError.swift */,
			);
			path = 0919AsyncAwait;
			sourceTree = "<group>";
		};
		3CF8A10928B3942700F7E86C /* 0822DelegateStudy */ = {
			isa = PBXGroup;
			children = (
				3CF8A10A28B3943E00F7E86C /* FirstDelegateViewController.swift */,
				3CF8A10C28B3944900F7E86C /* SecondDelegateViewController.swift */,
			);
			path = 0822DelegateStudy;
			sourceTree = "<group>";
		};
		3CF8A10E28B6205700F7E86C /* 0824UserDefaults */ = {
			isa = PBXGroup;
			children = (
				3CF8A10F28B6208500F7E86C /* UserDefaultsViewController.swift */,
			);
			path = 0824UserDefaults;
			sourceTree = "<group>";
		};
		3CF8A11128B6282200F7E86C /* 0824Animation */ = {
			isa = PBXGroup;
			children = (
				3CF8A11228B6283C00F7E86C /* AnimationViewController.swift */,
			);
			path = 0824Animation;
			sourceTree = "<group>";
		};
		3CFE846F292B7E3400CB1E93 /* 1121TDD-Example */ = {
			isa = PBXGroup;
			children = (
				3CFE8470292B7E5300CB1E93 /* TddLoginViewController.swift */,
				3CFE8472292B808900CB1E93 /* TddHomeViewController.swift */,
				3CFE8474292B80A900CB1E93 /* TddLoginError.swift */,
				3CFE8476292B823600CB1E93 /* TddUser.swift */,
				3CFE8478292B82C000CB1E93 /* TddLoginValidator.swift */,
				3CFE849C292B909B00CB1E93 /* TddLoginValidatorTest.swift */,
			);
			path = "1121TDD-Example";
			sourceTree = "<group>";
		};
		3CFE847F292B855600CB1E93 /* DPStudy_UIKitUITests */ = {
			isa = PBXGroup;
			children = (
				3CFE8480292B855600CB1E93 /* DPStudy_UIKitUITests.swift */,
				3CFE8482292B855600CB1E93 /* DPStudy_UIKitUITestsLaunchTests.swift */,
				3CFE848A292B85D700CB1E93 /* TddLoginFlowUITest.swift */,
			);
			path = DPStudy_UIKitUITests;
			sourceTree = "<group>";
		};
		3CFE8493292B8FF200CB1E93 /* DPStudy_UIKitTests */ = {
			isa = PBXGroup;
			children = (
				3CFE8494292B8FF200CB1E93 /* DPStudy_UIKitTests.swift */,
			);
			path = DPStudy_UIKitTests;
			sourceTree = "<group>";
		};
/* End PBXGroup section */

/* Begin PBXNativeTarget section */
		3C817AE6288EA1DF00FA52A4 /* DPStudy_UIKit */ = {
			isa = PBXNativeTarget;
			buildConfigurationList = 3C817AFB288EA1E100FA52A4 /* Build configuration list for PBXNativeTarget "DPStudy_UIKit" */;
			buildPhases = (
				3C817AE3288EA1DF00FA52A4 /* Sources */,
				3C817AE4288EA1DF00FA52A4 /* Frameworks */,
				3C817AE5288EA1DF00FA52A4 /* Resources */,
			);
			buildRules = (
			);
			dependencies = (
			);
			name = DPStudy_UIKit;
			packageProductDependencies = (
				3C5C214028B37F4C00AB2265 /* SnapKit */,
			);
			productName = DPStudy_UIKit;
			productReference = 3C817AE7288EA1DF00FA52A4 /* Debug.app */;
			productType = "com.apple.product-type.application";
		};
		3CFE847D292B855600CB1E93 /* DPStudy_UIKitUITests */ = {
			isa = PBXNativeTarget;
			buildConfigurationList = 3CFE8486292B855600CB1E93 /* Build configuration list for PBXNativeTarget "DPStudy_UIKitUITests" */;
			buildPhases = (
				3CFE847A292B855600CB1E93 /* Sources */,
				3CFE847B292B855600CB1E93 /* Frameworks */,
				3CFE847C292B855600CB1E93 /* Resources */,
			);
			buildRules = (
			);
			dependencies = (
				3CFE8485292B855600CB1E93 /* PBXTargetDependency */,
			);
			name = DPStudy_UIKitUITests;
			productName = DPStudy_UIKitUITests;
			productReference = 3CFE847E292B855600CB1E93 /* DPStudy_UIKitUITests.xctest */;
			productType = "com.apple.product-type.bundle.ui-testing";
		};
		3CFE8491292B8FF200CB1E93 /* DPStudy_UIKitTests */ = {
			isa = PBXNativeTarget;
			buildConfigurationList = 3CFE8498292B8FF200CB1E93 /* Build configuration list for PBXNativeTarget "DPStudy_UIKitTests" */;
			buildPhases = (
				3CFE848E292B8FF200CB1E93 /* Sources */,
				3CFE848F292B8FF200CB1E93 /* Frameworks */,
				3CFE8490292B8FF200CB1E93 /* Resources */,
			);
			buildRules = (
			);
			dependencies = (
				3CFE8497292B8FF200CB1E93 /* PBXTargetDependency */,
			);
			name = DPStudy_UIKitTests;
			productName = DPStudy_UIKitTests;
			productReference = 3CFE8492292B8FF200CB1E93 /* DPStudy_UIKitTests.xctest */;
			productType = "com.apple.product-type.bundle.unit-test";
		};
/* End PBXNativeTarget section */

/* Begin PBXProject section */
		3C817ADF288EA1DF00FA52A4 /* Project object */ = {
			isa = PBXProject;
			attributes = {
				BuildIndependentTargetsInParallel = 1;
				LastSwiftUpdateCheck = 1410;
				LastUpgradeCheck = 1340;
				TargetAttributes = {
					3C817AE6288EA1DF00FA52A4 = {
						CreatedOnToolsVersion = 13.4.1;
					};
					3CFE847D292B855600CB1E93 = {
						CreatedOnToolsVersion = 14.1;
						TestTargetID = 3C817AE6288EA1DF00FA52A4;
					};
					3CFE8491292B8FF200CB1E93 = {
						CreatedOnToolsVersion = 14.1;
						TestTargetID = 3C817AE6288EA1DF00FA52A4;
					};
				};
			};
			buildConfigurationList = 3C817AE2288EA1DF00FA52A4 /* Build configuration list for PBXProject "DPStudy_UIKit" */;
			compatibilityVersion = "Xcode 13.0";
			developmentRegion = en;
			hasScannedForEncodings = 0;
			knownRegions = (
				en,
				Base,
			);
			mainGroup = 3C817ADE288EA1DF00FA52A4;
			packageReferences = (
				3C5C213F28B37F4C00AB2265 /* XCRemoteSwiftPackageReference "SnapKit" */,
			);
			productRefGroup = 3C817AE8288EA1DF00FA52A4 /* Products */;
			projectDirPath = "";
			projectRoot = "";
			targets = (
				3C817AE6288EA1DF00FA52A4 /* DPStudy_UIKit */,
				3CFE847D292B855600CB1E93 /* DPStudy_UIKitUITests */,
				3CFE8491292B8FF200CB1E93 /* DPStudy_UIKitTests */,
			);
		};
/* End PBXProject section */

/* Begin PBXResourcesBuildPhase section */
		3C817AE5288EA1DF00FA52A4 /* Resources */ = {
			isa = PBXResourcesBuildPhase;
			buildActionMask = 2147483647;
			files = (
				3C817AF7288EA1E100FA52A4 /* LaunchScreen.storyboard in Resources */,
				3C817AF4288EA1E100FA52A4 /* Assets.xcassets in Resources */,
			);
			runOnlyForDeploymentPostprocessing = 0;
		};
		3CFE847C292B855600CB1E93 /* Resources */ = {
			isa = PBXResourcesBuildPhase;
			buildActionMask = 2147483647;
			files = (
			);
			runOnlyForDeploymentPostprocessing = 0;
		};
		3CFE8490292B8FF200CB1E93 /* Resources */ = {
			isa = PBXResourcesBuildPhase;
			buildActionMask = 2147483647;
			files = (
			);
			runOnlyForDeploymentPostprocessing = 0;
		};
/* End PBXResourcesBuildPhase section */

/* Begin PBXSourcesBuildPhase section */
		3C817AE3288EA1DF00FA52A4 /* Sources */ = {
			isa = PBXSourcesBuildPhase;
			buildActionMask = 2147483647;
			files = (
				3CEA6D4128D8697400B7CEB4 /* AsyncAwaitViewController.swift in Sources */,
				3CA61A4928FFF81600E484A9 /* WeatherServiceCombine.swift in Sources */,
				3C9FBB1628BF6F8A00E502C9 /* NetworkService.swift in Sources */,
				3CFE8471292B7E5300CB1E93 /* TddLoginViewController.swift in Sources */,
				3CB3ABBE28C8A0B700FF838B /* NetworkError.swift in Sources */,
				3CB3ABB328C5F55E00FF838B /* DispatchQueueViewController.swift in Sources */,
				3C52091E2897F007007C5E4A /* AddPlayerViewController.swift in Sources */,
				3C52091C2897E5CE007C5E4A /* CustomTableViewCell.swift in Sources */,
				3CFE8477292B823600CB1E93 /* TddUser.swift in Sources */,
				3C47EBC028F6C79A003C4506 /* AppCoordinator.swift in Sources */,
				3C9244C828FD5F52008B2177 /* CombineViewModel.swift in Sources */,
				3CD2C94328E1A44500A05C9D /* MapKitViewController.swift in Sources */,
				3CDE188C28FD57E400D26C8C /* CombineAPIService.swift in Sources */,
				3CA54D1228D1DF4800952AAE /* InfiniteScrollViewController.swift in Sources */,
				3CA66309289A73A100D7C036 /* ComponentViewController.swift in Sources */,
				3CAE8D0628FD50A800135728 /* CombineViewController.swift in Sources */,
				3C2D16C1290694B800E4745C /* PreprocessorViewController.swift in Sources */,
				3C2ADE3428B6350000EFD1D2 /* SingletonExample.swift in Sources */,
				3C47EBC228F6C82A003C4506 /* MainViewController.swift in Sources */,
				3C9FBB1828BF702600E502C9 /* URL+Extensions.swift in Sources */,
				3CB3ABBA28C89DFB00FF838B /* ResultTypeViewController.swift in Sources */,
				3CB3ABC028C8A6B100FF838B /* CustomButtonViewController.swift in Sources */,
				3CA6630B289A7B8E00D7C036 /* SecondViewController.swift in Sources */,
				3CA6630D289A8EE700D7C036 /* AddPlayerTextFieldTableViewCell.swift in Sources */,
				3C341F5128E1ABD300A5B817 /* Stadium.swift in Sources */,
				3CFE8473292B808900CB1E93 /* TddHomeViewController.swift in Sources */,
				3CA61A4728FFF63D00E484A9 /* CombineWeatherViewController.swift in Sources */,
				3CA54D0F28D1D0AD00952AAE /* CollapsedTableviewViewController.swift in Sources */,
				3C5C213E28B37DB200AB2265 /* CollectionViewStudyViewController.swift in Sources */,
				3C89997C28D871D2008E6988 /* AsyncAwaitNetworkError.swift in Sources */,
				3CA61A4B28FFF8CE00E484A9 /* WeatherInfoCombine.swift in Sources */,
				3CA54D1428D1E2E500952AAE /* InfiniteScrollViewCollectionViewCell.swift in Sources */,
				3CF8A11028B6208500F7E86C /* UserDefaultsViewController.swift in Sources */,
				3C9FBB1A28BF73D400E502C9 /* OpenWeatherJsonData.swift in Sources */,
				3CDE188628FD570300D26C8C /* CombineNetworkError.swift in Sources */,
				3CF8A11328B6283C00F7E86C /* AnimationViewController.swift in Sources */,
				3CDE188828FD576200D26C8C /* CombineURL.swift in Sources */,
				3C817AEF288EA1DF00FA52A4 /* ViewController.swift in Sources */,
				3C47EBC428F6C8C8003C4506 /* LoginCoordinator.swift in Sources */,
				3C5C214728B3888900AB2265 /* CustomCollectionViewCell.swift in Sources */,
				3C5209152897D350007C5E4A /* RatingViewController.swift in Sources */,
				3CF8A10D28B3944900F7E86C /* SecondDelegateViewController.swift in Sources */,
				3C47EBBC28F6BA13003C4506 /* LoginViewController.swift in Sources */,
				3C67B90C28C8A7F600264BB5 /* CustomLongButton.swift in Sources */,
				3CFE8475292B80A900CB1E93 /* TddLoginError.swift in Sources */,
				3C817AEB288EA1DF00FA52A4 /* AppDelegate.swift in Sources */,
				3C9FBB1428BF6F2F00E502C9 /* WeatherInfo.swift in Sources */,
				3CFE849E292B912900CB1E93 /* TddLoginValidatorTest.swift in Sources */,
				3CF8A10B28B3943E00F7E86C /* FirstDelegateViewController.swift in Sources */,
				3C9FBB1128BF65D900E502C9 /* URLSessionViewController.swift in Sources */,
				3CB3ABBC28C89E9A00FF838B /* Quote.swift in Sources */,
				3C52091A2897D970007C5E4A /* GestureViewController.swift in Sources */,
				3C817AED288EA1DF00FA52A4 /* SceneDelegate.swift in Sources */,
				3C89997A28D86EF3008E6988 /* AsyncAwaitNetworkService.swift in Sources */,
				3CFE8479292B82C000CB1E93 /* TddLoginValidator.swift in Sources */,
				3C89997F28DB1524008E6988 /* FileManagerViewController.swift in Sources */,
				3C9FBB0B28BCBEC400E502C9 /* AnimationAdvancedViewController.swift in Sources */,
				3CEA6D4328D86C2D00B7CEB4 /* Quotes.swift in Sources */,
				3C47EBC628F6CF7C003C4506 /* MainCoordinator.swift in Sources */,
				3C9FBB0E28BCCB1E00E502C9 /* PropertyAnimatorViewController.swift in Sources */,
				3CDE188A28FD57C300D26C8C /* CombineQuote.swift in Sources */,
			);
			runOnlyForDeploymentPostprocessing = 0;
		};
		3CFE847A292B855600CB1E93 /* Sources */ = {
			isa = PBXSourcesBuildPhase;
			buildActionMask = 2147483647;
			files = (
				3CFE8481292B855600CB1E93 /* DPStudy_UIKitUITests.swift in Sources */,
				3CFE848D292B884A00CB1E93 /* TddLoginFlowUITest.swift in Sources */,
				3CFE8483292B855600CB1E93 /* DPStudy_UIKitUITestsLaunchTests.swift in Sources */,
			);
			runOnlyForDeploymentPostprocessing = 0;
		};
		3CFE848E292B8FF200CB1E93 /* Sources */ = {
			isa = PBXSourcesBuildPhase;
			buildActionMask = 2147483647;
			files = (
				3CFE8495292B8FF200CB1E93 /* DPStudy_UIKitTests.swift in Sources */,
			);
			runOnlyForDeploymentPostprocessing = 0;
		};
/* End PBXSourcesBuildPhase section */

/* Begin PBXTargetDependency section */
		3CFE8485292B855600CB1E93 /* PBXTargetDependency */ = {
			isa = PBXTargetDependency;
			target = 3C817AE6288EA1DF00FA52A4 /* DPStudy_UIKit */;
			targetProxy = 3CFE8484292B855600CB1E93 /* PBXContainerItemProxy */;
		};
		3CFE8497292B8FF200CB1E93 /* PBXTargetDependency */ = {
			isa = PBXTargetDependency;
			target = 3C817AE6288EA1DF00FA52A4 /* DPStudy_UIKit */;
			targetProxy = 3CFE8496292B8FF200CB1E93 /* PBXContainerItemProxy */;
		};
/* End PBXTargetDependency section */

/* Begin PBXVariantGroup section */
		3C817AF5288EA1E100FA52A4 /* LaunchScreen.storyboard */ = {
			isa = PBXVariantGroup;
			children = (
				3C817AF6288EA1E100FA52A4 /* Base */,
			);
			name = LaunchScreen.storyboard;
			sourceTree = "<group>";
		};
/* End PBXVariantGroup section */

/* Begin XCBuildConfiguration section */
		3C2D16C22906966200E4745C /* QA */ = {
			isa = XCBuildConfiguration;
			buildSettings = {
				ALWAYS_SEARCH_USER_PATHS = NO;
				CLANG_ANALYZER_NONNULL = YES;
				CLANG_ANALYZER_NUMBER_OBJECT_CONVERSION = YES_AGGRESSIVE;
				CLANG_CXX_LANGUAGE_STANDARD = "gnu++17";
				CLANG_ENABLE_MODULES = YES;
				CLANG_ENABLE_OBJC_ARC = YES;
				CLANG_ENABLE_OBJC_WEAK = YES;
				CLANG_WARN_BLOCK_CAPTURE_AUTORELEASING = YES;
				CLANG_WARN_BOOL_CONVERSION = YES;
				CLANG_WARN_COMMA = YES;
				CLANG_WARN_CONSTANT_CONVERSION = YES;
				CLANG_WARN_DEPRECATED_OBJC_IMPLEMENTATIONS = YES;
				CLANG_WARN_DIRECT_OBJC_ISA_USAGE = YES_ERROR;
				CLANG_WARN_DOCUMENTATION_COMMENTS = YES;
				CLANG_WARN_EMPTY_BODY = YES;
				CLANG_WARN_ENUM_CONVERSION = YES;
				CLANG_WARN_INFINITE_RECURSION = YES;
				CLANG_WARN_INT_CONVERSION = YES;
				CLANG_WARN_NON_LITERAL_NULL_CONVERSION = YES;
				CLANG_WARN_OBJC_IMPLICIT_RETAIN_SELF = YES;
				CLANG_WARN_OBJC_LITERAL_CONVERSION = YES;
				CLANG_WARN_OBJC_ROOT_CLASS = YES_ERROR;
				CLANG_WARN_QUOTED_INCLUDE_IN_FRAMEWORK_HEADER = YES;
				CLANG_WARN_RANGE_LOOP_ANALYSIS = YES;
				CLANG_WARN_STRICT_PROTOTYPES = YES;
				CLANG_WARN_SUSPICIOUS_MOVE = YES;
				CLANG_WARN_UNGUARDED_AVAILABILITY = YES_AGGRESSIVE;
				CLANG_WARN_UNREACHABLE_CODE = YES;
				CLANG_WARN__DUPLICATE_METHOD_MATCH = YES;
				COPY_PHASE_STRIP = NO;
				DEBUG_INFORMATION_FORMAT = "dwarf-with-dsym";
				ENABLE_NS_ASSERTIONS = NO;
				ENABLE_STRICT_OBJC_MSGSEND = YES;
				GCC_C_LANGUAGE_STANDARD = gnu11;
				GCC_NO_COMMON_BLOCKS = YES;
				GCC_WARN_64_TO_32_BIT_CONVERSION = YES;
				GCC_WARN_ABOUT_RETURN_TYPE = YES_ERROR;
				GCC_WARN_UNDECLARED_SELECTOR = YES;
				GCC_WARN_UNINITIALIZED_AUTOS = YES_AGGRESSIVE;
				GCC_WARN_UNUSED_FUNCTION = YES;
				GCC_WARN_UNUSED_VARIABLE = YES;
				IPHONEOS_DEPLOYMENT_TARGET = 15.5;
				MTL_ENABLE_DEBUG_INFO = NO;
				MTL_FAST_MATH = YES;
				SDKROOT = iphoneos;
				SWIFT_ACTIVE_COMPILATION_CONDITIONS = "QA TEST";
				SWIFT_COMPILATION_MODE = wholemodule;
				SWIFT_OPTIMIZATION_LEVEL = "-O";
				VALIDATE_PRODUCT = YES;
			};
			name = QA;
		};
		3C2D16C32906966200E4745C /* QA */ = {
			isa = XCBuildConfiguration;
			buildSettings = {
				ASSETCATALOG_COMPILER_APPICON_NAME = AppIconQA;
				ASSETCATALOG_COMPILER_GLOBAL_ACCENT_COLOR_NAME = AccentColor;
				CODE_SIGN_STYLE = Automatic;
				CURRENT_PROJECT_VERSION = 1;
				DEVELOPMENT_TEAM = Z5M4ZXWCX6;
				GENERATE_INFOPLIST_FILE = YES;
				INFOPLIST_FILE = DPStudy_UIKit/Info.plist;
				INFOPLIST_KEY_UIApplicationSupportsIndirectInputEvents = YES;
				INFOPLIST_KEY_UILaunchStoryboardName = LaunchScreen;
				INFOPLIST_KEY_UISupportedInterfaceOrientations_iPad = "UIInterfaceOrientationPortrait UIInterfaceOrientationPortraitUpsideDown UIInterfaceOrientationLandscapeLeft UIInterfaceOrientationLandscapeRight";
				INFOPLIST_KEY_UISupportedInterfaceOrientations_iPhone = "UIInterfaceOrientationPortrait UIInterfaceOrientationLandscapeLeft UIInterfaceOrientationLandscapeRight";
				LD_RUNPATH_SEARCH_PATHS = (
					"$(inherited)",
					"@executable_path/Frameworks",
				);
				MARKETING_VERSION = 1.0;
				PRODUCT_BUNDLE_IDENTIFIER = "com.gmail.wnsgk830.DPStudy-UIKitQA";
				PRODUCT_NAME = QA;
				SWIFT_EMIT_LOC_STRINGS = YES;
				SWIFT_VERSION = 5.0;
				TARGETED_DEVICE_FAMILY = 1;
			};
			name = QA;
		};
		3C817AF9288EA1E100FA52A4 /* Debug */ = {
			isa = XCBuildConfiguration;
			buildSettings = {
				ALWAYS_SEARCH_USER_PATHS = NO;
				CLANG_ANALYZER_NONNULL = YES;
				CLANG_ANALYZER_NUMBER_OBJECT_CONVERSION = YES_AGGRESSIVE;
				CLANG_CXX_LANGUAGE_STANDARD = "gnu++17";
				CLANG_ENABLE_MODULES = YES;
				CLANG_ENABLE_OBJC_ARC = YES;
				CLANG_ENABLE_OBJC_WEAK = YES;
				CLANG_WARN_BLOCK_CAPTURE_AUTORELEASING = YES;
				CLANG_WARN_BOOL_CONVERSION = YES;
				CLANG_WARN_COMMA = YES;
				CLANG_WARN_CONSTANT_CONVERSION = YES;
				CLANG_WARN_DEPRECATED_OBJC_IMPLEMENTATIONS = YES;
				CLANG_WARN_DIRECT_OBJC_ISA_USAGE = YES_ERROR;
				CLANG_WARN_DOCUMENTATION_COMMENTS = YES;
				CLANG_WARN_EMPTY_BODY = YES;
				CLANG_WARN_ENUM_CONVERSION = YES;
				CLANG_WARN_INFINITE_RECURSION = YES;
				CLANG_WARN_INT_CONVERSION = YES;
				CLANG_WARN_NON_LITERAL_NULL_CONVERSION = YES;
				CLANG_WARN_OBJC_IMPLICIT_RETAIN_SELF = YES;
				CLANG_WARN_OBJC_LITERAL_CONVERSION = YES;
				CLANG_WARN_OBJC_ROOT_CLASS = YES_ERROR;
				CLANG_WARN_QUOTED_INCLUDE_IN_FRAMEWORK_HEADER = YES;
				CLANG_WARN_RANGE_LOOP_ANALYSIS = YES;
				CLANG_WARN_STRICT_PROTOTYPES = YES;
				CLANG_WARN_SUSPICIOUS_MOVE = YES;
				CLANG_WARN_UNGUARDED_AVAILABILITY = YES_AGGRESSIVE;
				CLANG_WARN_UNREACHABLE_CODE = YES;
				CLANG_WARN__DUPLICATE_METHOD_MATCH = YES;
				COPY_PHASE_STRIP = NO;
				DEBUG_INFORMATION_FORMAT = dwarf;
				ENABLE_STRICT_OBJC_MSGSEND = YES;
				ENABLE_TESTABILITY = YES;
				GCC_C_LANGUAGE_STANDARD = gnu11;
				GCC_DYNAMIC_NO_PIC = NO;
				GCC_NO_COMMON_BLOCKS = YES;
				GCC_OPTIMIZATION_LEVEL = 0;
				GCC_PREPROCESSOR_DEFINITIONS = (
					"DEBUG=1",
					"$(inherited)",
				);
				GCC_WARN_64_TO_32_BIT_CONVERSION = YES;
				GCC_WARN_ABOUT_RETURN_TYPE = YES_ERROR;
				GCC_WARN_UNDECLARED_SELECTOR = YES;
				GCC_WARN_UNINITIALIZED_AUTOS = YES_AGGRESSIVE;
				GCC_WARN_UNUSED_FUNCTION = YES;
				GCC_WARN_UNUSED_VARIABLE = YES;
				IPHONEOS_DEPLOYMENT_TARGET = 15.5;
				MTL_ENABLE_DEBUG_INFO = INCLUDE_SOURCE;
				MTL_FAST_MATH = YES;
				ONLY_ACTIVE_ARCH = YES;
				SDKROOT = iphoneos;
				SWIFT_ACTIVE_COMPILATION_CONDITIONS = "DEBUG TEST";
				SWIFT_OPTIMIZATION_LEVEL = "-Onone";
			};
			name = Debug;
		};
		3C817AFA288EA1E100FA52A4 /* Release */ = {
			isa = XCBuildConfiguration;
			buildSettings = {
				ALWAYS_SEARCH_USER_PATHS = NO;
				CLANG_ANALYZER_NONNULL = YES;
				CLANG_ANALYZER_NUMBER_OBJECT_CONVERSION = YES_AGGRESSIVE;
				CLANG_CXX_LANGUAGE_STANDARD = "gnu++17";
				CLANG_ENABLE_MODULES = YES;
				CLANG_ENABLE_OBJC_ARC = YES;
				CLANG_ENABLE_OBJC_WEAK = YES;
				CLANG_WARN_BLOCK_CAPTURE_AUTORELEASING = YES;
				CLANG_WARN_BOOL_CONVERSION = YES;
				CLANG_WARN_COMMA = YES;
				CLANG_WARN_CONSTANT_CONVERSION = YES;
				CLANG_WARN_DEPRECATED_OBJC_IMPLEMENTATIONS = YES;
				CLANG_WARN_DIRECT_OBJC_ISA_USAGE = YES_ERROR;
				CLANG_WARN_DOCUMENTATION_COMMENTS = YES;
				CLANG_WARN_EMPTY_BODY = YES;
				CLANG_WARN_ENUM_CONVERSION = YES;
				CLANG_WARN_INFINITE_RECURSION = YES;
				CLANG_WARN_INT_CONVERSION = YES;
				CLANG_WARN_NON_LITERAL_NULL_CONVERSION = YES;
				CLANG_WARN_OBJC_IMPLICIT_RETAIN_SELF = YES;
				CLANG_WARN_OBJC_LITERAL_CONVERSION = YES;
				CLANG_WARN_OBJC_ROOT_CLASS = YES_ERROR;
				CLANG_WARN_QUOTED_INCLUDE_IN_FRAMEWORK_HEADER = YES;
				CLANG_WARN_RANGE_LOOP_ANALYSIS = YES;
				CLANG_WARN_STRICT_PROTOTYPES = YES;
				CLANG_WARN_SUSPICIOUS_MOVE = YES;
				CLANG_WARN_UNGUARDED_AVAILABILITY = YES_AGGRESSIVE;
				CLANG_WARN_UNREACHABLE_CODE = YES;
				CLANG_WARN__DUPLICATE_METHOD_MATCH = YES;
				COPY_PHASE_STRIP = NO;
				DEBUG_INFORMATION_FORMAT = "dwarf-with-dsym";
				ENABLE_NS_ASSERTIONS = NO;
				ENABLE_STRICT_OBJC_MSGSEND = YES;
				GCC_C_LANGUAGE_STANDARD = gnu11;
				GCC_NO_COMMON_BLOCKS = YES;
				GCC_WARN_64_TO_32_BIT_CONVERSION = YES;
				GCC_WARN_ABOUT_RETURN_TYPE = YES_ERROR;
				GCC_WARN_UNDECLARED_SELECTOR = YES;
				GCC_WARN_UNINITIALIZED_AUTOS = YES_AGGRESSIVE;
				GCC_WARN_UNUSED_FUNCTION = YES;
				GCC_WARN_UNUSED_VARIABLE = YES;
				IPHONEOS_DEPLOYMENT_TARGET = 15.5;
				MTL_ENABLE_DEBUG_INFO = NO;
				MTL_FAST_MATH = YES;
				SDKROOT = iphoneos;
				SWIFT_ACTIVE_COMPILATION_CONDITIONS = Release;
				SWIFT_COMPILATION_MODE = wholemodule;
				SWIFT_OPTIMIZATION_LEVEL = "-O";
				VALIDATE_PRODUCT = YES;
			};
			name = Release;
		};
		3C817AFC288EA1E100FA52A4 /* Debug */ = {
			isa = XCBuildConfiguration;
			buildSettings = {
				ASSETCATALOG_COMPILER_APPICON_NAME = AppIcon;
				ASSETCATALOG_COMPILER_GLOBAL_ACCENT_COLOR_NAME = AccentColor;
				CODE_SIGN_STYLE = Automatic;
				CURRENT_PROJECT_VERSION = 1;
				DEVELOPMENT_TEAM = Z5M4ZXWCX6;
				GENERATE_INFOPLIST_FILE = YES;
				INFOPLIST_FILE = DPStudy_UIKit/Info.plist;
				INFOPLIST_KEY_UIApplicationSupportsIndirectInputEvents = YES;
				INFOPLIST_KEY_UILaunchStoryboardName = LaunchScreen;
				INFOPLIST_KEY_UISupportedInterfaceOrientations_iPad = "UIInterfaceOrientationPortrait UIInterfaceOrientationPortraitUpsideDown UIInterfaceOrientationLandscapeLeft UIInterfaceOrientationLandscapeRight";
				INFOPLIST_KEY_UISupportedInterfaceOrientations_iPhone = "UIInterfaceOrientationPortrait UIInterfaceOrientationLandscapeLeft UIInterfaceOrientationLandscapeRight";
				LD_RUNPATH_SEARCH_PATHS = (
					"$(inherited)",
					"@executable_path/Frameworks",
				);
				MARKETING_VERSION = 1.0;
				PRODUCT_BUNDLE_IDENTIFIER = "com.gmail.wnsgk830.DPStudy-UIKitDebug";
				PRODUCT_NAME = Debug;
				SWIFT_EMIT_LOC_STRINGS = YES;
				SWIFT_VERSION = 5.0;
				TARGETED_DEVICE_FAMILY = 1;
			};
			name = Debug;
		};
		3C817AFD288EA1E100FA52A4 /* Release */ = {
			isa = XCBuildConfiguration;
			buildSettings = {
				ASSETCATALOG_COMPILER_APPICON_NAME = AppIcon;
				ASSETCATALOG_COMPILER_GLOBAL_ACCENT_COLOR_NAME = AccentColor;
				CODE_SIGN_STYLE = Automatic;
				CURRENT_PROJECT_VERSION = 1;
				DEVELOPMENT_TEAM = Z5M4ZXWCX6;
				GENERATE_INFOPLIST_FILE = YES;
				INFOPLIST_FILE = DPStudy_UIKit/Info.plist;
				INFOPLIST_KEY_UIApplicationSupportsIndirectInputEvents = YES;
				INFOPLIST_KEY_UILaunchStoryboardName = LaunchScreen;
				INFOPLIST_KEY_UISupportedInterfaceOrientations_iPad = "UIInterfaceOrientationPortrait UIInterfaceOrientationPortraitUpsideDown UIInterfaceOrientationLandscapeLeft UIInterfaceOrientationLandscapeRight";
				INFOPLIST_KEY_UISupportedInterfaceOrientations_iPhone = "UIInterfaceOrientationPortrait UIInterfaceOrientationLandscapeLeft UIInterfaceOrientationLandscapeRight";
				LD_RUNPATH_SEARCH_PATHS = (
					"$(inherited)",
					"@executable_path/Frameworks",
				);
				MARKETING_VERSION = 1.0;
				PRODUCT_BUNDLE_IDENTIFIER = "com.gmail.wnsgk830.DPStudy-UIKit";
				PRODUCT_NAME = "$(TARGET_NAME)";
				SWIFT_EMIT_LOC_STRINGS = YES;
				SWIFT_VERSION = 5.0;
				TARGETED_DEVICE_FAMILY = 1;
			};
			name = Release;
		};
		3CFE8487292B855600CB1E93 /* Debug */ = {
			isa = XCBuildConfiguration;
			buildSettings = {
				CLANG_CXX_LANGUAGE_STANDARD = "gnu++20";
				CODE_SIGN_STYLE = Automatic;
				CURRENT_PROJECT_VERSION = 1;
				DEVELOPMENT_TEAM = Z5M4ZXWCX6;
				GENERATE_INFOPLIST_FILE = YES;
				IPHONEOS_DEPLOYMENT_TARGET = 16.1;
				MARKETING_VERSION = 1.0;
				PRODUCT_BUNDLE_IDENTIFIER = "com.gmail.wnsgk830.DPStudy-UIKitUITests";
				PRODUCT_NAME = "$(TARGET_NAME)";
				SWIFT_ACTIVE_COMPILATION_CONDITIONS = DEBUG;
				SWIFT_EMIT_LOC_STRINGS = NO;
				SWIFT_VERSION = 5.0;
				TARGETED_DEVICE_FAMILY = "1,2";
				TEST_TARGET_NAME = DPStudy_UIKit;
			};
			name = Debug;
		};
		3CFE8488292B855600CB1E93 /* Release */ = {
			isa = XCBuildConfiguration;
			buildSettings = {
				CLANG_CXX_LANGUAGE_STANDARD = "gnu++20";
				CODE_SIGN_STYLE = Automatic;
				CURRENT_PROJECT_VERSION = 1;
				DEVELOPMENT_TEAM = Z5M4ZXWCX6;
				GENERATE_INFOPLIST_FILE = YES;
				IPHONEOS_DEPLOYMENT_TARGET = 16.1;
				MARKETING_VERSION = 1.0;
				PRODUCT_BUNDLE_IDENTIFIER = "com.gmail.wnsgk830.DPStudy-UIKitUITests";
				PRODUCT_NAME = "$(TARGET_NAME)";
				SWIFT_EMIT_LOC_STRINGS = NO;
				SWIFT_VERSION = 5.0;
				TARGETED_DEVICE_FAMILY = "1,2";
				TEST_TARGET_NAME = DPStudy_UIKit;
			};
			name = Release;
		};
		3CFE8489292B855600CB1E93 /* QA */ = {
			isa = XCBuildConfiguration;
			buildSettings = {
				CLANG_CXX_LANGUAGE_STANDARD = "gnu++20";
				CODE_SIGN_STYLE = Automatic;
				CURRENT_PROJECT_VERSION = 1;
				DEVELOPMENT_TEAM = Z5M4ZXWCX6;
				GENERATE_INFOPLIST_FILE = YES;
				IPHONEOS_DEPLOYMENT_TARGET = 16.1;
				MARKETING_VERSION = 1.0;
				PRODUCT_BUNDLE_IDENTIFIER = "com.gmail.wnsgk830.DPStudy-UIKitUITests";
				PRODUCT_NAME = "$(TARGET_NAME)";
				SWIFT_EMIT_LOC_STRINGS = NO;
				SWIFT_VERSION = 5.0;
				TARGETED_DEVICE_FAMILY = "1,2";
				TEST_TARGET_NAME = DPStudy_UIKit;
			};
			name = QA;
		};
		3CFE8499292B8FF200CB1E93 /* Debug */ = {
			isa = XCBuildConfiguration;
			buildSettings = {
				BUNDLE_LOADER = "$(TEST_HOST)";
				CLANG_CXX_LANGUAGE_STANDARD = "gnu++20";
				CODE_SIGN_STYLE = Automatic;
				CURRENT_PROJECT_VERSION = 1;
				DEVELOPMENT_TEAM = Z5M4ZXWCX6;
				GENERATE_INFOPLIST_FILE = YES;
				IPHONEOS_DEPLOYMENT_TARGET = 16.1;
				MACOSX_DEPLOYMENT_TARGET = 13.0;
				MARKETING_VERSION = 1.0;
				PRODUCT_BUNDLE_IDENTIFIER = "com.gmail.wnsgk830.DPStudy-UIKitTests";
				PRODUCT_NAME = "$(TARGET_NAME)";
				SDKROOT = auto;
				SUPPORTED_PLATFORMS = "iphoneos iphonesimulator macosx";
				SWIFT_ACTIVE_COMPILATION_CONDITIONS = DEBUG;
				SWIFT_EMIT_LOC_STRINGS = NO;
				SWIFT_VERSION = 5.0;
				TARGETED_DEVICE_FAMILY = "1,2";
				TEST_HOST = "$(BUILT_PRODUCTS_DIR)/Debug.app/$(BUNDLE_EXECUTABLE_FOLDER_PATH)/Debug";
			};
			name = Debug;
		};
		3CFE849A292B8FF200CB1E93 /* Release */ = {
			isa = XCBuildConfiguration;
			buildSettings = {
				BUNDLE_LOADER = "$(TEST_HOST)";
				CLANG_CXX_LANGUAGE_STANDARD = "gnu++20";
				CODE_SIGN_STYLE = Automatic;
				CURRENT_PROJECT_VERSION = 1;
				DEVELOPMENT_TEAM = Z5M4ZXWCX6;
				GENERATE_INFOPLIST_FILE = YES;
				IPHONEOS_DEPLOYMENT_TARGET = 16.1;
				MACOSX_DEPLOYMENT_TARGET = 13.0;
				MARKETING_VERSION = 1.0;
				PRODUCT_BUNDLE_IDENTIFIER = "com.gmail.wnsgk830.DPStudy-UIKitTests";
				PRODUCT_NAME = "$(TARGET_NAME)";
				SDKROOT = auto;
				SUPPORTED_PLATFORMS = "iphoneos iphonesimulator macosx";
				SWIFT_EMIT_LOC_STRINGS = NO;
				SWIFT_VERSION = 5.0;
				TARGETED_DEVICE_FAMILY = "1,2";
				TEST_HOST = "$(BUILT_PRODUCTS_DIR)/Debug.app/$(BUNDLE_EXECUTABLE_FOLDER_PATH)/Debug";
			};
			name = Release;
		};
		3CFE849B292B8FF200CB1E93 /* QA */ = {
			isa = XCBuildConfiguration;
			buildSettings = {
				BUNDLE_LOADER = "$(TEST_HOST)";
				CLANG_CXX_LANGUAGE_STANDARD = "gnu++20";
				CODE_SIGN_STYLE = Automatic;
				CURRENT_PROJECT_VERSION = 1;
				DEVELOPMENT_TEAM = Z5M4ZXWCX6;
				GENERATE_INFOPLIST_FILE = YES;
				IPHONEOS_DEPLOYMENT_TARGET = 16.1;
				MACOSX_DEPLOYMENT_TARGET = 13.0;
				MARKETING_VERSION = 1.0;
				PRODUCT_BUNDLE_IDENTIFIER = "com.gmail.wnsgk830.DPStudy-UIKitTests";
				PRODUCT_NAME = "$(TARGET_NAME)";
				SDKROOT = auto;
				SUPPORTED_PLATFORMS = "iphoneos iphonesimulator macosx";
				SWIFT_EMIT_LOC_STRINGS = NO;
				SWIFT_VERSION = 5.0;
				TARGETED_DEVICE_FAMILY = "1,2";
				TEST_HOST = "$(BUILT_PRODUCTS_DIR)/Debug.app/$(BUNDLE_EXECUTABLE_FOLDER_PATH)/Debug";
			};
			name = QA;
		};
/* End XCBuildConfiguration section */

/* Begin XCConfigurationList section */
		3C817AE2288EA1DF00FA52A4 /* Build configuration list for PBXProject "DPStudy_UIKit" */ = {
			isa = XCConfigurationList;
			buildConfigurations = (
				3C817AF9288EA1E100FA52A4 /* Debug */,
				3C817AFA288EA1E100FA52A4 /* Release */,
				3C2D16C22906966200E4745C /* QA */,
			);
			defaultConfigurationIsVisible = 0;
			defaultConfigurationName = Release;
		};
		3C817AFB288EA1E100FA52A4 /* Build configuration list for PBXNativeTarget "DPStudy_UIKit" */ = {
			isa = XCConfigurationList;
			buildConfigurations = (
				3C817AFC288EA1E100FA52A4 /* Debug */,
				3C817AFD288EA1E100FA52A4 /* Release */,
				3C2D16C32906966200E4745C /* QA */,
			);
			defaultConfigurationIsVisible = 0;
			defaultConfigurationName = Release;
		};
		3CFE8486292B855600CB1E93 /* Build configuration list for PBXNativeTarget "DPStudy_UIKitUITests" */ = {
			isa = XCConfigurationList;
			buildConfigurations = (
				3CFE8487292B855600CB1E93 /* Debug */,
				3CFE8488292B855600CB1E93 /* Release */,
				3CFE8489292B855600CB1E93 /* QA */,
			);
			defaultConfigurationIsVisible = 0;
			defaultConfigurationName = Release;
		};
		3CFE8498292B8FF200CB1E93 /* Build configuration list for PBXNativeTarget "DPStudy_UIKitTests" */ = {
			isa = XCConfigurationList;
			buildConfigurations = (
				3CFE8499292B8FF200CB1E93 /* Debug */,
				3CFE849A292B8FF200CB1E93 /* Release */,
				3CFE849B292B8FF200CB1E93 /* QA */,
			);
			defaultConfigurationIsVisible = 0;
			defaultConfigurationName = Release;
		};
/* End XCConfigurationList section */

/* Begin XCRemoteSwiftPackageReference section */
		3C5C213F28B37F4C00AB2265 /* XCRemoteSwiftPackageReference "SnapKit" */ = {
			isa = XCRemoteSwiftPackageReference;
			repositoryURL = "https://github.com/SnapKit/SnapKit";
			requirement = {
				kind = upToNextMajorVersion;
				minimumVersion = 5.0.0;
			};
		};
/* End XCRemoteSwiftPackageReference section */

/* Begin XCSwiftPackageProductDependency section */
		3C5C214028B37F4C00AB2265 /* SnapKit */ = {
			isa = XCSwiftPackageProductDependency;
			package = 3C5C213F28B37F4C00AB2265 /* XCRemoteSwiftPackageReference "SnapKit" */;
			productName = SnapKit;
		};
/* End XCSwiftPackageProductDependency section */
	};
	rootObject = 3C817ADF288EA1DF00FA52A4 /* Project object */;
}
