// !$*UTF8*$!
{
	archiveVersion = 1;
	classes = {
	};
	objectVersion = 55;
	objects = {

/* Begin PBXBuildFile section */
		3C5209152897D350007C5E4A /* RatingViewController.swift in Sources */ = {isa = PBXBuildFile; fileRef = 3C5209142897D350007C5E4A /* RatingViewController.swift */; };
		3C52091A2897D970007C5E4A /* GestureViewController.swift in Sources */ = {isa = PBXBuildFile; fileRef = 3C5209192897D970007C5E4A /* GestureViewController.swift */; };
		3C52091C2897E5CE007C5E4A /* CustomTableViewCell.swift in Sources */ = {isa = PBXBuildFile; fileRef = 3C52091B2897E5CE007C5E4A /* CustomTableViewCell.swift */; };
		3C52091E2897F007007C5E4A /* AddPlayerViewController.swift in Sources */ = {isa = PBXBuildFile; fileRef = 3C52091D2897F007007C5E4A /* AddPlayerViewController.swift */; };
		3C5C213E28B37DB200AB2265 /* CollectionViewStudyViewController.swift in Sources */ = {isa = PBXBuildFile; fileRef = 3C5C213D28B37DB200AB2265 /* CollectionViewStudyViewController.swift */; };
		3C5C214128B37F4C00AB2265 /* SnapKit in Frameworks */ = {isa = PBXBuildFile; productRef = 3C5C214028B37F4C00AB2265 /* SnapKit */; };
		3C5C214728B3888900AB2265 /* CustomCollectionViewCell.swift in Sources */ = {isa = PBXBuildFile; fileRef = 3C5C214628B3888900AB2265 /* CustomCollectionViewCell.swift */; };
		3C817AEB288EA1DF00FA52A4 /* AppDelegate.swift in Sources */ = {isa = PBXBuildFile; fileRef = 3C817AEA288EA1DF00FA52A4 /* AppDelegate.swift */; };
		3C817AED288EA1DF00FA52A4 /* SceneDelegate.swift in Sources */ = {isa = PBXBuildFile; fileRef = 3C817AEC288EA1DF00FA52A4 /* SceneDelegate.swift */; };
		3C817AEF288EA1DF00FA52A4 /* ViewController.swift in Sources */ = {isa = PBXBuildFile; fileRef = 3C817AEE288EA1DF00FA52A4 /* ViewController.swift */; };
		3C817AF4288EA1E100FA52A4 /* Assets.xcassets in Resources */ = {isa = PBXBuildFile; fileRef = 3C817AF3288EA1E100FA52A4 /* Assets.xcassets */; };
		3C817AF7288EA1E100FA52A4 /* LaunchScreen.storyboard in Resources */ = {isa = PBXBuildFile; fileRef = 3C817AF5288EA1E100FA52A4 /* LaunchScreen.storyboard */; };
		3CA66309289A73A100D7C036 /* ComponentViewController.swift in Sources */ = {isa = PBXBuildFile; fileRef = 3CA66308289A73A100D7C036 /* ComponentViewController.swift */; };
		3CA6630B289A7B8E00D7C036 /* SecondViewController.swift in Sources */ = {isa = PBXBuildFile; fileRef = 3CA6630A289A7B8E00D7C036 /* SecondViewController.swift */; };
		3CA6630D289A8EE700D7C036 /* AddPlayerTextFieldTableViewCell.swift in Sources */ = {isa = PBXBuildFile; fileRef = 3CA6630C289A8EE700D7C036 /* AddPlayerTextFieldTableViewCell.swift */; };
		3CF8A10B28B3943E00F7E86C /* FirstDelegateViewController.swift in Sources */ = {isa = PBXBuildFile; fileRef = 3CF8A10A28B3943E00F7E86C /* FirstDelegateViewController.swift */; };
		3CF8A10D28B3944900F7E86C /* SecondDelegateViewController.swift in Sources */ = {isa = PBXBuildFile; fileRef = 3CF8A10C28B3944900F7E86C /* SecondDelegateViewController.swift */; };
/* End PBXBuildFile section */

/* Begin PBXFileReference section */
		3C5209142897D350007C5E4A /* RatingViewController.swift */ = {isa = PBXFileReference; lastKnownFileType = sourcecode.swift; path = RatingViewController.swift; sourceTree = "<group>"; };
		3C5209192897D970007C5E4A /* GestureViewController.swift */ = {isa = PBXFileReference; lastKnownFileType = sourcecode.swift; path = GestureViewController.swift; sourceTree = "<group>"; };
		3C52091B2897E5CE007C5E4A /* CustomTableViewCell.swift */ = {isa = PBXFileReference; lastKnownFileType = sourcecode.swift; path = CustomTableViewCell.swift; sourceTree = "<group>"; };
		3C52091D2897F007007C5E4A /* AddPlayerViewController.swift */ = {isa = PBXFileReference; lastKnownFileType = sourcecode.swift; path = AddPlayerViewController.swift; sourceTree = "<group>"; };
		3C5C213D28B37DB200AB2265 /* CollectionViewStudyViewController.swift */ = {isa = PBXFileReference; lastKnownFileType = sourcecode.swift; path = CollectionViewStudyViewController.swift; sourceTree = "<group>"; };
		3C5C214628B3888900AB2265 /* CustomCollectionViewCell.swift */ = {isa = PBXFileReference; lastKnownFileType = sourcecode.swift; path = CustomCollectionViewCell.swift; sourceTree = "<group>"; };
		3C817AE7288EA1DF00FA52A4 /* DPStudy_UIKit.app */ = {isa = PBXFileReference; explicitFileType = wrapper.application; includeInIndex = 0; path = DPStudy_UIKit.app; sourceTree = BUILT_PRODUCTS_DIR; };
		3C817AEA288EA1DF00FA52A4 /* AppDelegate.swift */ = {isa = PBXFileReference; lastKnownFileType = sourcecode.swift; path = AppDelegate.swift; sourceTree = "<group>"; };
		3C817AEC288EA1DF00FA52A4 /* SceneDelegate.swift */ = {isa = PBXFileReference; lastKnownFileType = sourcecode.swift; path = SceneDelegate.swift; sourceTree = "<group>"; };
		3C817AEE288EA1DF00FA52A4 /* ViewController.swift */ = {isa = PBXFileReference; lastKnownFileType = sourcecode.swift; path = ViewController.swift; sourceTree = "<group>"; };
		3C817AF3288EA1E100FA52A4 /* Assets.xcassets */ = {isa = PBXFileReference; lastKnownFileType = folder.assetcatalog; path = Assets.xcassets; sourceTree = "<group>"; };
		3C817AF6288EA1E100FA52A4 /* Base */ = {isa = PBXFileReference; lastKnownFileType = file.storyboard; name = Base; path = Base.lproj/LaunchScreen.storyboard; sourceTree = "<group>"; };
		3C817AF8288EA1E100FA52A4 /* Info.plist */ = {isa = PBXFileReference; lastKnownFileType = text.plist.xml; path = Info.plist; sourceTree = "<group>"; };
		3CA66308289A73A100D7C036 /* ComponentViewController.swift */ = {isa = PBXFileReference; lastKnownFileType = sourcecode.swift; path = ComponentViewController.swift; sourceTree = "<group>"; };
		3CA6630A289A7B8E00D7C036 /* SecondViewController.swift */ = {isa = PBXFileReference; lastKnownFileType = sourcecode.swift; path = SecondViewController.swift; sourceTree = "<group>"; };
		3CA6630C289A8EE700D7C036 /* AddPlayerTextFieldTableViewCell.swift */ = {isa = PBXFileReference; lastKnownFileType = sourcecode.swift; path = AddPlayerTextFieldTableViewCell.swift; sourceTree = "<group>"; };
		3CF8A10A28B3943E00F7E86C /* FirstDelegateViewController.swift */ = {isa = PBXFileReference; lastKnownFileType = sourcecode.swift; path = FirstDelegateViewController.swift; sourceTree = "<group>"; };
		3CF8A10C28B3944900F7E86C /* SecondDelegateViewController.swift */ = {isa = PBXFileReference; lastKnownFileType = sourcecode.swift; path = SecondDelegateViewController.swift; sourceTree = "<group>"; };
/* End PBXFileReference section */

/* Begin PBXFrameworksBuildPhase section */
		3C817AE4288EA1DF00FA52A4 /* Frameworks */ = {
			isa = PBXFrameworksBuildPhase;
			buildActionMask = 2147483647;
			files = (
				3C5C214128B37F4C00AB2265 /* SnapKit in Frameworks */,
			);
			runOnlyForDeploymentPostprocessing = 0;
		};
/* End PBXFrameworksBuildPhase section */

/* Begin PBXGroup section */
		3C5209162897D358007C5E4A /* Rating */ = {
			isa = PBXGroup;
			children = (
				3CA6630C289A8EE700D7C036 /* AddPlayerTextFieldTableViewCell.swift */,
				3C5209142897D350007C5E4A /* RatingViewController.swift */,
				3C52091D2897F007007C5E4A /* AddPlayerViewController.swift */,
				3C52091B2897E5CE007C5E4A /* CustomTableViewCell.swift */,
				3C5209192897D970007C5E4A /* GestureViewController.swift */,
			);
			path = Rating;
			sourceTree = "<group>";
		};
		3C5C213C28B37D9800AB2265 /* CollectionView */ = {
			isa = PBXGroup;
			children = (
				3C5C213D28B37DB200AB2265 /* CollectionViewStudyViewController.swift */,
				3C5C214628B3888900AB2265 /* CustomCollectionViewCell.swift */,
			);
			path = CollectionView;
			sourceTree = "<group>";
		};
		3C817ADE288EA1DF00FA52A4 = {
			isa = PBXGroup;
			children = (
				3C817AE9288EA1DF00FA52A4 /* DPStudy_UIKit */,
				3C817AE8288EA1DF00FA52A4 /* Products */,
			);
			sourceTree = "<group>";
		};
		3C817AE8288EA1DF00FA52A4 /* Products */ = {
			isa = PBXGroup;
			children = (
				3C817AE7288EA1DF00FA52A4 /* DPStudy_UIKit.app */,
			);
			name = Products;
			sourceTree = "<group>";
		};
		3C817AE9288EA1DF00FA52A4 /* DPStudy_UIKit */ = {
			isa = PBXGroup;
			children = (
				3C817AEA288EA1DF00FA52A4 /* AppDelegate.swift */,
				3C817AEC288EA1DF00FA52A4 /* SceneDelegate.swift */,
				3C817AEE288EA1DF00FA52A4 /* ViewController.swift */,
				3CF8A10928B3942700F7E86C /* DelegateStudy */,
				3C5C213C28B37D9800AB2265 /* CollectionView */,
				3C5209162897D358007C5E4A /* Rating */,
				3CA66307289A737100D7C036 /* Component-Starter */,
				3C817AF3288EA1E100FA52A4 /* Assets.xcassets */,
				3C817AF5288EA1E100FA52A4 /* LaunchScreen.storyboard */,
				3C817AF8288EA1E100FA52A4 /* Info.plist */,
			);
			path = DPStudy_UIKit;
			sourceTree = "<group>";
		};
		3CA66307289A737100D7C036 /* Component-Starter */ = {
			isa = PBXGroup;
			children = (
				3CA66308289A73A100D7C036 /* ComponentViewController.swift */,
				3CA6630A289A7B8E00D7C036 /* SecondViewController.swift */,
			);
			path = "Component-Starter";
			sourceTree = "<group>";
		};
		3CF8A10928B3942700F7E86C /* DelegateStudy */ = {
			isa = PBXGroup;
			children = (
				3CF8A10A28B3943E00F7E86C /* FirstDelegateViewController.swift */,
				3CF8A10C28B3944900F7E86C /* SecondDelegateViewController.swift */,
			);
			path = DelegateStudy;
			sourceTree = "<group>";
		};
/* End PBXGroup section */

/* Begin PBXNativeTarget section */
		3C817AE6288EA1DF00FA52A4 /* DPStudy_UIKit */ = {
			isa = PBXNativeTarget;
			buildConfigurationList = 3C817AFB288EA1E100FA52A4 /* Build configuration list for PBXNativeTarget "DPStudy_UIKit" */;
			buildPhases = (
				3C817AE3288EA1DF00FA52A4 /* Sources */,
				3C817AE4288EA1DF00FA52A4 /* Frameworks */,
				3C817AE5288EA1DF00FA52A4 /* Resources */,
			);
			buildRules = (
			);
			dependencies = (
			);
			name = DPStudy_UIKit;
			packageProductDependencies = (
				3C5C214028B37F4C00AB2265 /* SnapKit */,
			);
			productName = DPStudy_UIKit;
			productReference = 3C817AE7288EA1DF00FA52A4 /* DPStudy_UIKit.app */;
			productType = "com.apple.product-type.application";
		};
/* End PBXNativeTarget section */

/* Begin PBXProject section */
		3C817ADF288EA1DF00FA52A4 /* Project object */ = {
			isa = PBXProject;
			attributes = {
				BuildIndependentTargetsInParallel = 1;
				LastSwiftUpdateCheck = 1340;
				LastUpgradeCheck = 1340;
				TargetAttributes = {
					3C817AE6288EA1DF00FA52A4 = {
						CreatedOnToolsVersion = 13.4.1;
					};
				};
			};
			buildConfigurationList = 3C817AE2288EA1DF00FA52A4 /* Build configuration list for PBXProject "DPStudy_UIKit" */;
			compatibilityVersion = "Xcode 13.0";
			developmentRegion = en;
			hasScannedForEncodings = 0;
			knownRegions = (
				en,
				Base,
			);
			mainGroup = 3C817ADE288EA1DF00FA52A4;
			packageReferences = (
				3C5C213F28B37F4C00AB2265 /* XCRemoteSwiftPackageReference "SnapKit" */,
			);
			productRefGroup = 3C817AE8288EA1DF00FA52A4 /* Products */;
			projectDirPath = "";
			projectRoot = "";
			targets = (
				3C817AE6288EA1DF00FA52A4 /* DPStudy_UIKit */,
			);
		};
/* End PBXProject section */

/* Begin PBXResourcesBuildPhase section */
		3C817AE5288EA1DF00FA52A4 /* Resources */ = {
			isa = PBXResourcesBuildPhase;
			buildActionMask = 2147483647;
			files = (
				3C817AF7288EA1E100FA52A4 /* LaunchScreen.storyboard in Resources */,
				3C817AF4288EA1E100FA52A4 /* Assets.xcassets in Resources */,
			);
			runOnlyForDeploymentPostprocessing = 0;
		};
/* End PBXResourcesBuildPhase section */

/* Begin PBXSourcesBuildPhase section */
		3C817AE3288EA1DF00FA52A4 /* Sources */ = {
			isa = PBXSourcesBuildPhase;
			buildActionMask = 2147483647;
			files = (
				3C52091E2897F007007C5E4A /* AddPlayerViewController.swift in Sources */,
				3C52091C2897E5CE007C5E4A /* CustomTableViewCell.swift in Sources */,
				3CA66309289A73A100D7C036 /* ComponentViewController.swift in Sources */,
				3CA6630B289A7B8E00D7C036 /* SecondViewController.swift in Sources */,
				3CA6630D289A8EE700D7C036 /* AddPlayerTextFieldTableViewCell.swift in Sources */,
				3C5C213E28B37DB200AB2265 /* CollectionViewStudyViewController.swift in Sources */,
				3C817AEF288EA1DF00FA52A4 /* ViewController.swift in Sources */,
				3C5C214728B3888900AB2265 /* CustomCollectionViewCell.swift in Sources */,
				3C5209152897D350007C5E4A /* RatingViewController.swift in Sources */,
				3CF8A10D28B3944900F7E86C /* SecondDelegateViewController.swift in Sources */,
				3C817AEB288EA1DF00FA52A4 /* AppDelegate.swift in Sources */,
				3CF8A10B28B3943E00F7E86C /* FirstDelegateViewController.swift in Sources */,
				3C52091A2897D970007C5E4A /* GestureViewController.swift in Sources */,
				3C817AED288EA1DF00FA52A4 /* SceneDelegate.swift in Sources */,
			);
			runOnlyForDeploymentPostprocessing = 0;
		};
/* End PBXSourcesBuildPhase section */

/* Begin PBXVariantGroup section */
		3C817AF5288EA1E100FA52A4 /* LaunchScreen.storyboard */ = {
			isa = PBXVariantGroup;
			children = (
				3C817AF6288EA1E100FA52A4 /* Base */,
			);
			name = LaunchScreen.storyboard;
			sourceTree = "<group>";
		};
/* End PBXVariantGroup section */

/* Begin XCBuildConfiguration section */
		3C817AF9288EA1E100FA52A4 /* Debug */ = {
			isa = XCBuildConfiguration;
			buildSettings = {
				ALWAYS_SEARCH_USER_PATHS = NO;
				CLANG_ANALYZER_NONNULL = YES;
				CLANG_ANALYZER_NUMBER_OBJECT_CONVERSION = YES_AGGRESSIVE;
				CLANG_CXX_LANGUAGE_STANDARD = "gnu++17";
				CLANG_ENABLE_MODULES = YES;
				CLANG_ENABLE_OBJC_ARC = YES;
				CLANG_ENABLE_OBJC_WEAK = YES;
				CLANG_WARN_BLOCK_CAPTURE_AUTORELEASING = YES;
				CLANG_WARN_BOOL_CONVERSION = YES;
				CLANG_WARN_COMMA = YES;
				CLANG_WARN_CONSTANT_CONVERSION = YES;
				CLANG_WARN_DEPRECATED_OBJC_IMPLEMENTATIONS = YES;
				CLANG_WARN_DIRECT_OBJC_ISA_USAGE = YES_ERROR;
				CLANG_WARN_DOCUMENTATION_COMMENTS = YES;
				CLANG_WARN_EMPTY_BODY = YES;
				CLANG_WARN_ENUM_CONVERSION = YES;
				CLANG_WARN_INFINITE_RECURSION = YES;
				CLANG_WARN_INT_CONVERSION = YES;
				CLANG_WARN_NON_LITERAL_NULL_CONVERSION = YES;
				CLANG_WARN_OBJC_IMPLICIT_RETAIN_SELF = YES;
				CLANG_WARN_OBJC_LITERAL_CONVERSION = YES;
				CLANG_WARN_OBJC_ROOT_CLASS = YES_ERROR;
				CLANG_WARN_QUOTED_INCLUDE_IN_FRAMEWORK_HEADER = YES;
				CLANG_WARN_RANGE_LOOP_ANALYSIS = YES;
				CLANG_WARN_STRICT_PROTOTYPES = YES;
				CLANG_WARN_SUSPICIOUS_MOVE = YES;
				CLANG_WARN_UNGUARDED_AVAILABILITY = YES_AGGRESSIVE;
				CLANG_WARN_UNREACHABLE_CODE = YES;
				CLANG_WARN__DUPLICATE_METHOD_MATCH = YES;
				COPY_PHASE_STRIP = NO;
				DEBUG_INFORMATION_FORMAT = dwarf;
				ENABLE_STRICT_OBJC_MSGSEND = YES;
				ENABLE_TESTABILITY = YES;
				GCC_C_LANGUAGE_STANDARD = gnu11;
				GCC_DYNAMIC_NO_PIC = NO;
				GCC_NO_COMMON_BLOCKS = YES;
				GCC_OPTIMIZATION_LEVEL = 0;
				GCC_PREPROCESSOR_DEFINITIONS = (
					"DEBUG=1",
					"$(inherited)",
				);
				GCC_WARN_64_TO_32_BIT_CONVERSION = YES;
				GCC_WARN_ABOUT_RETURN_TYPE = YES_ERROR;
				GCC_WARN_UNDECLARED_SELECTOR = YES;
				GCC_WARN_UNINITIALIZED_AUTOS = YES_AGGRESSIVE;
				GCC_WARN_UNUSED_FUNCTION = YES;
				GCC_WARN_UNUSED_VARIABLE = YES;
				IPHONEOS_DEPLOYMENT_TARGET = 15.5;
				MTL_ENABLE_DEBUG_INFO = INCLUDE_SOURCE;
				MTL_FAST_MATH = YES;
				ONLY_ACTIVE_ARCH = YES;
				SDKROOT = iphoneos;
				SWIFT_ACTIVE_COMPILATION_CONDITIONS = DEBUG;
				SWIFT_OPTIMIZATION_LEVEL = "-Onone";
			};
			name = Debug;
		};
		3C817AFA288EA1E100FA52A4 /* Release */ = {
			isa = XCBuildConfiguration;
			buildSettings = {
				ALWAYS_SEARCH_USER_PATHS = NO;
				CLANG_ANALYZER_NONNULL = YES;
				CLANG_ANALYZER_NUMBER_OBJECT_CONVERSION = YES_AGGRESSIVE;
				CLANG_CXX_LANGUAGE_STANDARD = "gnu++17";
				CLANG_ENABLE_MODULES = YES;
				CLANG_ENABLE_OBJC_ARC = YES;
				CLANG_ENABLE_OBJC_WEAK = YES;
				CLANG_WARN_BLOCK_CAPTURE_AUTORELEASING = YES;
				CLANG_WARN_BOOL_CONVERSION = YES;
				CLANG_WARN_COMMA = YES;
				CLANG_WARN_CONSTANT_CONVERSION = YES;
				CLANG_WARN_DEPRECATED_OBJC_IMPLEMENTATIONS = YES;
				CLANG_WARN_DIRECT_OBJC_ISA_USAGE = YES_ERROR;
				CLANG_WARN_DOCUMENTATION_COMMENTS = YES;
				CLANG_WARN_EMPTY_BODY = YES;
				CLANG_WARN_ENUM_CONVERSION = YES;
				CLANG_WARN_INFINITE_RECURSION = YES;
				CLANG_WARN_INT_CONVERSION = YES;
				CLANG_WARN_NON_LITERAL_NULL_CONVERSION = YES;
				CLANG_WARN_OBJC_IMPLICIT_RETAIN_SELF = YES;
				CLANG_WARN_OBJC_LITERAL_CONVERSION = YES;
				CLANG_WARN_OBJC_ROOT_CLASS = YES_ERROR;
				CLANG_WARN_QUOTED_INCLUDE_IN_FRAMEWORK_HEADER = YES;
				CLANG_WARN_RANGE_LOOP_ANALYSIS = YES;
				CLANG_WARN_STRICT_PROTOTYPES = YES;
				CLANG_WARN_SUSPICIOUS_MOVE = YES;
				CLANG_WARN_UNGUARDED_AVAILABILITY = YES_AGGRESSIVE;
				CLANG_WARN_UNREACHABLE_CODE = YES;
				CLANG_WARN__DUPLICATE_METHOD_MATCH = YES;
				COPY_PHASE_STRIP = NO;
				DEBUG_INFORMATION_FORMAT = "dwarf-with-dsym";
				ENABLE_NS_ASSERTIONS = NO;
				ENABLE_STRICT_OBJC_MSGSEND = YES;
				GCC_C_LANGUAGE_STANDARD = gnu11;
				GCC_NO_COMMON_BLOCKS = YES;
				GCC_WARN_64_TO_32_BIT_CONVERSION = YES;
				GCC_WARN_ABOUT_RETURN_TYPE = YES_ERROR;
				GCC_WARN_UNDECLARED_SELECTOR = YES;
				GCC_WARN_UNINITIALIZED_AUTOS = YES_AGGRESSIVE;
				GCC_WARN_UNUSED_FUNCTION = YES;
				GCC_WARN_UNUSED_VARIABLE = YES;
				IPHONEOS_DEPLOYMENT_TARGET = 15.5;
				MTL_ENABLE_DEBUG_INFO = NO;
				MTL_FAST_MATH = YES;
				SDKROOT = iphoneos;
				SWIFT_COMPILATION_MODE = wholemodule;
				SWIFT_OPTIMIZATION_LEVEL = "-O";
				VALIDATE_PRODUCT = YES;
			};
			name = Release;
		};
		3C817AFC288EA1E100FA52A4 /* Debug */ = {
			isa = XCBuildConfiguration;
			buildSettings = {
				ASSETCATALOG_COMPILER_APPICON_NAME = AppIcon;
				ASSETCATALOG_COMPILER_GLOBAL_ACCENT_COLOR_NAME = AccentColor;
				CODE_SIGN_STYLE = Automatic;
				CURRENT_PROJECT_VERSION = 1;
				DEVELOPMENT_TEAM = Z5M4ZXWCX6;
				GENERATE_INFOPLIST_FILE = YES;
				INFOPLIST_FILE = DPStudy_UIKit/Info.plist;
				INFOPLIST_KEY_UIApplicationSupportsIndirectInputEvents = YES;
				INFOPLIST_KEY_UILaunchStoryboardName = LaunchScreen;
				INFOPLIST_KEY_UISupportedInterfaceOrientations_iPad = "UIInterfaceOrientationPortrait UIInterfaceOrientationPortraitUpsideDown UIInterfaceOrientationLandscapeLeft UIInterfaceOrientationLandscapeRight";
				INFOPLIST_KEY_UISupportedInterfaceOrientations_iPhone = "UIInterfaceOrientationPortrait UIInterfaceOrientationLandscapeLeft UIInterfaceOrientationLandscapeRight";
				LD_RUNPATH_SEARCH_PATHS = (
					"$(inherited)",
					"@executable_path/Frameworks",
				);
				MARKETING_VERSION = 1.0;
				PRODUCT_BUNDLE_IDENTIFIER = "com.gmail.wnsgk830.DPStudy-UIKit";
				PRODUCT_NAME = "$(TARGET_NAME)";
				SWIFT_EMIT_LOC_STRINGS = YES;
				SWIFT_VERSION = 5.0;
				TARGETED_DEVICE_FAMILY = 1;
			};
			name = Debug;
		};
		3C817AFD288EA1E100FA52A4 /* Release */ = {
			isa = XCBuildConfiguration;
			buildSettings = {
				ASSETCATALOG_COMPILER_APPICON_NAME = AppIcon;
				ASSETCATALOG_COMPILER_GLOBAL_ACCENT_COLOR_NAME = AccentColor;
				CODE_SIGN_STYLE = Automatic;
				CURRENT_PROJECT_VERSION = 1;
				DEVELOPMENT_TEAM = Z5M4ZXWCX6;
				GENERATE_INFOPLIST_FILE = YES;
				INFOPLIST_FILE = DPStudy_UIKit/Info.plist;
				INFOPLIST_KEY_UIApplicationSupportsIndirectInputEvents = YES;
				INFOPLIST_KEY_UILaunchStoryboardName = LaunchScreen;
				INFOPLIST_KEY_UISupportedInterfaceOrientations_iPad = "UIInterfaceOrientationPortrait UIInterfaceOrientationPortraitUpsideDown UIInterfaceOrientationLandscapeLeft UIInterfaceOrientationLandscapeRight";
				INFOPLIST_KEY_UISupportedInterfaceOrientations_iPhone = "UIInterfaceOrientationPortrait UIInterfaceOrientationLandscapeLeft UIInterfaceOrientationLandscapeRight";
				LD_RUNPATH_SEARCH_PATHS = (
					"$(inherited)",
					"@executable_path/Frameworks",
				);
				MARKETING_VERSION = 1.0;
				PRODUCT_BUNDLE_IDENTIFIER = "com.gmail.wnsgk830.DPStudy-UIKit";
				PRODUCT_NAME = "$(TARGET_NAME)";
				SWIFT_EMIT_LOC_STRINGS = YES;
				SWIFT_VERSION = 5.0;
				TARGETED_DEVICE_FAMILY = 1;
			};
			name = Release;
		};
/* End XCBuildConfiguration section */

/* Begin XCConfigurationList section */
		3C817AE2288EA1DF00FA52A4 /* Build configuration list for PBXProject "DPStudy_UIKit" */ = {
			isa = XCConfigurationList;
			buildConfigurations = (
				3C817AF9288EA1E100FA52A4 /* Debug */,
				3C817AFA288EA1E100FA52A4 /* Release */,
			);
			defaultConfigurationIsVisible = 0;
			defaultConfigurationName = Release;
		};
		3C817AFB288EA1E100FA52A4 /* Build configuration list for PBXNativeTarget "DPStudy_UIKit" */ = {
			isa = XCConfigurationList;
			buildConfigurations = (
				3C817AFC288EA1E100FA52A4 /* Debug */,
				3C817AFD288EA1E100FA52A4 /* Release */,
			);
			defaultConfigurationIsVisible = 0;
			defaultConfigurationName = Release;
		};
/* End XCConfigurationList section */

/* Begin XCRemoteSwiftPackageReference section */
		3C5C213F28B37F4C00AB2265 /* XCRemoteSwiftPackageReference "SnapKit" */ = {
			isa = XCRemoteSwiftPackageReference;
			repositoryURL = "https://github.com/SnapKit/SnapKit";
			requirement = {
				kind = upToNextMajorVersion;
				minimumVersion = 5.0.0;
			};
		};
/* End XCRemoteSwiftPackageReference section */

/* Begin XCSwiftPackageProductDependency section */
		3C5C214028B37F4C00AB2265 /* SnapKit */ = {
			isa = XCSwiftPackageProductDependency;
			package = 3C5C213F28B37F4C00AB2265 /* XCRemoteSwiftPackageReference "SnapKit" */;
			productName = SnapKit;
		};
/* End XCSwiftPackageProductDependency section */
	};
	rootObject = 3C817ADF288EA1DF00FA52A4 /* Project object */;
}
