// !$*UTF8*$!
{
	archiveVersion = 1;
	classes = {
	};
	objectVersion = 56;
	objects = {

/* Begin PBXBuildFile section */
		3C4A556D294731B700FB0661 /* AppDelegate.swift in Sources */ = {isa = PBXBuildFile; fileRef = 3C4A556C294731B700FB0661 /* AppDelegate.swift */; };
		3C4A556F294731B700FB0661 /* SceneDelegate.swift in Sources */ = {isa = PBXBuildFile; fileRef = 3C4A556E294731B700FB0661 /* SceneDelegate.swift */; };
		3C4A5571294731B700FB0661 /* ViewController.swift in Sources */ = {isa = PBXBuildFile; fileRef = 3C4A5570294731B700FB0661 /* ViewController.swift */; };
		3C4A5574294731B700FB0661 /* Main.storyboard in Resources */ = {isa = PBXBuildFile; fileRef = 3C4A5572294731B700FB0661 /* Main.storyboard */; };
		3C4A5576294731B900FB0661 /* Assets.xcassets in Resources */ = {isa = PBXBuildFile; fileRef = 3C4A5575294731B900FB0661 /* Assets.xcassets */; };
		3C4A5579294731B900FB0661 /* LaunchScreen.storyboard in Resources */ = {isa = PBXBuildFile; fileRef = 3C4A5577294731B900FB0661 /* LaunchScreen.storyboard */; };
		3C4A55812947330A00FB0661 /* Home.storyboard in Resources */ = {isa = PBXBuildFile; fileRef = 3C4A55802947330A00FB0661 /* Home.storyboard */; };
		3C4A5583294733B900FB0661 /* HomeViewController.swift in Sources */ = {isa = PBXBuildFile; fileRef = 3C4A5582294733B900FB0661 /* HomeViewController.swift */; };
		3C4A55892947383E00FB0661 /* CustomTableViewCell.swift in Sources */ = {isa = PBXBuildFile; fileRef = 3C4A55872947383E00FB0661 /* CustomTableViewCell.swift */; };
		3C4A558A2947383E00FB0661 /* CustomTableViewCell.xib in Resources */ = {isa = PBXBuildFile; fileRef = 3C4A55882947383E00FB0661 /* CustomTableViewCell.xib */; };
		3C4A558C29473DD700FB0661 /* CustomView.swift in Sources */ = {isa = PBXBuildFile; fileRef = 3C4A558B29473DD700FB0661 /* CustomView.swift */; };
		3C4A558E29473E1100FB0661 /* CustomView.xib in Resources */ = {isa = PBXBuildFile; fileRef = 3C4A558D29473E1100FB0661 /* CustomView.xib */; };
/* End PBXBuildFile section */

/* Begin PBXFileReference section */
		3C4A5569294731B700FB0661 /* xibStarter.app */ = {isa = PBXFileReference; explicitFileType = wrapper.application; includeInIndex = 0; path = xibStarter.app; sourceTree = BUILT_PRODUCTS_DIR; };
		3C4A556C294731B700FB0661 /* AppDelegate.swift */ = {isa = PBXFileReference; lastKnownFileType = sourcecode.swift; path = AppDelegate.swift; sourceTree = "<group>"; };
		3C4A556E294731B700FB0661 /* SceneDelegate.swift */ = {isa = PBXFileReference; lastKnownFileType = sourcecode.swift; path = SceneDelegate.swift; sourceTree = "<group>"; };
		3C4A5570294731B700FB0661 /* ViewController.swift */ = {isa = PBXFileReference; lastKnownFileType = sourcecode.swift; path = ViewController.swift; sourceTree = "<group>"; };
		3C4A5573294731B700FB0661 /* Base */ = {isa = PBXFileReference; lastKnownFileType = file.storyboard; name = Base; path = Base.lproj/Main.storyboard; sourceTree = "<group>"; };
		3C4A5575294731B900FB0661 /* Assets.xcassets */ = {isa = PBXFileReference; lastKnownFileType = folder.assetcatalog; path = Assets.xcassets; sourceTree = "<group>"; };
		3C4A5578294731B900FB0661 /* Base */ = {isa = PBXFileReference; lastKnownFileType = file.storyboard; name = Base; path = Base.lproj/LaunchScreen.storyboard; sourceTree = "<group>"; };
		3C4A557A294731B900FB0661 /* Info.plist */ = {isa = PBXFileReference; lastKnownFileType = text.plist.xml; path = Info.plist; sourceTree = "<group>"; };
		3C4A55802947330A00FB0661 /* Home.storyboard */ = {isa = PBXFileReference; lastKnownFileType = file.storyboard; path = Home.storyboard; sourceTree = "<group>"; };
		3C4A5582294733B900FB0661 /* HomeViewController.swift */ = {isa = PBXFileReference; lastKnownFileType = sourcecode.swift; path = HomeViewController.swift; sourceTree = "<group>"; };
		3C4A55872947383E00FB0661 /* CustomTableViewCell.swift */ = {isa = PBXFileReference; lastKnownFileType = sourcecode.swift; path = CustomTableViewCell.swift; sourceTree = "<group>"; };
		3C4A55882947383E00FB0661 /* CustomTableViewCell.xib */ = {isa = PBXFileReference; lastKnownFileType = file.xib; path = CustomTableViewCell.xib; sourceTree = "<group>"; };
		3C4A558B29473DD700FB0661 /* CustomView.swift */ = {isa = PBXFileReference; lastKnownFileType = sourcecode.swift; path = CustomView.swift; sourceTree = "<group>"; };
		3C4A558D29473E1100FB0661 /* CustomView.xib */ = {isa = PBXFileReference; lastKnownFileType = file.xib; path = CustomView.xib; sourceTree = "<group>"; };
/* End PBXFileReference section */

/* Begin PBXFrameworksBuildPhase section */
		3C4A5566294731B700FB0661 /* Frameworks */ = {
			isa = PBXFrameworksBuildPhase;
			buildActionMask = 2147483647;
			files = (
			);
			runOnlyForDeploymentPostprocessing = 0;
		};
/* End PBXFrameworksBuildPhase section */

/* Begin PBXGroup section */
		3C4A5560294731B700FB0661 = {
			isa = PBXGroup;
			children = (
				3C4A556B294731B700FB0661 /* xibStarter */,
				3C4A556A294731B700FB0661 /* Products */,
			);
			sourceTree = "<group>";
		};
		3C4A556A294731B700FB0661 /* Products */ = {
			isa = PBXGroup;
			children = (
				3C4A5569294731B700FB0661 /* xibStarter.app */,
			);
			name = Products;
			sourceTree = "<group>";
		};
		3C4A556B294731B700FB0661 /* xibStarter */ = {
			isa = PBXGroup;
			children = (
				3C4A5586294737E200FB0661 /* Supprots */,
				3C4A5585294737DC00FB0661 /* Views */,
				3C4A5584294737C500FB0661 /* ViewController */,
				3C4A5572294731B700FB0661 /* Main.storyboard */,
				3C4A5575294731B900FB0661 /* Assets.xcassets */,
				3C4A5577294731B900FB0661 /* LaunchScreen.storyboard */,
				3C4A55802947330A00FB0661 /* Home.storyboard */,
				3C4A557A294731B900FB0661 /* Info.plist */,
			);
			path = xibStarter;
			sourceTree = "<group>";
		};
		3C4A5584294737C500FB0661 /* ViewController */ = {
			isa = PBXGroup;
			children = (
				3C4A5570294731B700FB0661 /* ViewController.swift */,
				3C4A5582294733B900FB0661 /* HomeViewController.swift */,
			);
			path = ViewController;
			sourceTree = "<group>";
		};
		3C4A5585294737DC00FB0661 /* Views */ = {
			isa = PBXGroup;
			children = (
				3C4A55872947383E00FB0661 /* CustomTableViewCell.swift */,
				3C4A55882947383E00FB0661 /* CustomTableViewCell.xib */,
				3C4A558B29473DD700FB0661 /* CustomView.swift */,
				3C4A558D29473E1100FB0661 /* CustomView.xib */,
			);
			path = Views;
			sourceTree = "<group>";
		};
		3C4A5586294737E200FB0661 /* Supprots */ = {
			isa = PBXGroup;
			children = (
				3C4A556C294731B700FB0661 /* AppDelegate.swift */,
				3C4A556E294731B700FB0661 /* SceneDelegate.swift */,
			);
			path = Supprots;
			sourceTree = "<group>";
		};
/* End PBXGroup section */

/* Begin PBXNativeTarget section */
		3C4A5568294731B700FB0661 /* xibStarter */ = {
			isa = PBXNativeTarget;
			buildConfigurationList = 3C4A557D294731B900FB0661 /* Build configuration list for PBXNativeTarget "xibStarter" */;
			buildPhases = (
				3C4A5565294731B700FB0661 /* Sources */,
				3C4A5566294731B700FB0661 /* Frameworks */,
				3C4A5567294731B700FB0661 /* Resources */,
			);
			buildRules = (
			);
			dependencies = (
			);
			name = xibStarter;
			productName = xibStarter;
			productReference = 3C4A5569294731B700FB0661 /* xibStarter.app */;
			productType = "com.apple.product-type.application";
		};
/* End PBXNativeTarget section */

/* Begin PBXProject section */
		3C4A5561294731B700FB0661 /* Project object */ = {
			isa = PBXProject;
			attributes = {
				BuildIndependentTargetsInParallel = 1;
				LastSwiftUpdateCheck = 1410;
				LastUpgradeCheck = 1410;
				TargetAttributes = {
					3C4A5568294731B700FB0661 = {
						CreatedOnToolsVersion = 14.1;
					};
				};
			};
			buildConfigurationList = 3C4A5564294731B700FB0661 /* Build configuration list for PBXProject "xibStarter" */;
			compatibilityVersion = "Xcode 14.0";
			developmentRegion = en;
			hasScannedForEncodings = 0;
			knownRegions = (
				en,
				Base,
			);
			mainGroup = 3C4A5560294731B700FB0661;
			productRefGroup = 3C4A556A294731B700FB0661 /* Products */;
			projectDirPath = "";
			projectRoot = "";
			targets = (
				3C4A5568294731B700FB0661 /* xibStarter */,
			);
		};
/* End PBXProject section */

/* Begin PBXResourcesBuildPhase section */
		3C4A5567294731B700FB0661 /* Resources */ = {
			isa = PBXResourcesBuildPhase;
			buildActionMask = 2147483647;
			files = (
				3C4A5579294731B900FB0661 /* LaunchScreen.storyboard in Resources */,
				3C4A5576294731B900FB0661 /* Assets.xcassets in Resources */,
				3C4A5574294731B700FB0661 /* Main.storyboard in Resources */,
				3C4A558A2947383E00FB0661 /* CustomTableViewCell.xib in Resources */,
				3C4A55812947330A00FB0661 /* Home.storyboard in Resources */,
				3C4A558E29473E1100FB0661 /* CustomView.xib in Resources */,
			);
			runOnlyForDeploymentPostprocessing = 0;
		};
/* End PBXResourcesBuildPhase section */

/* Begin PBXSourcesBuildPhase section */
		3C4A5565294731B700FB0661 /* Sources */ = {
			isa = PBXSourcesBuildPhase;
			buildActionMask = 2147483647;
			files = (
				3C4A5571294731B700FB0661 /* ViewController.swift in Sources */,
				3C4A55892947383E00FB0661 /* CustomTableViewCell.swift in Sources */,
				3C4A556D294731B700FB0661 /* AppDelegate.swift in Sources */,
				3C4A558C29473DD700FB0661 /* CustomView.swift in Sources */,
				3C4A556F294731B700FB0661 /* SceneDelegate.swift in Sources */,
				3C4A5583294733B900FB0661 /* HomeViewController.swift in Sources */,
			);
			runOnlyForDeploymentPostprocessing = 0;
		};
/* End PBXSourcesBuildPhase section */

/* Begin PBXVariantGroup section */
		3C4A5572294731B700FB0661 /* Main.storyboard */ = {
			isa = PBXVariantGroup;
			children = (
				3C4A5573294731B700FB0661 /* Base */,
			);
			name = Main.storyboard;
			sourceTree = "<group>";
		};
		3C4A5577294731B900FB0661 /* LaunchScreen.storyboard */ = {
			isa = PBXVariantGroup;
			children = (
				3C4A5578294731B900FB0661 /* Base */,
			);
			name = LaunchScreen.storyboard;
			sourceTree = "<group>";
		};
/* End PBXVariantGroup section */

/* Begin XCBuildConfiguration section */
		3C4A557B294731B900FB0661 /* Debug */ = {
			isa = XCBuildConfiguration;
			buildSettings = {
				ALWAYS_SEARCH_USER_PATHS = NO;
				CLANG_ANALYZER_NONNULL = YES;
				CLANG_ANALYZER_NUMBER_OBJECT_CONVERSION = YES_AGGRESSIVE;
				CLANG_CXX_LANGUAGE_STANDARD = "gnu++20";
				CLANG_ENABLE_MODULES = YES;
				CLANG_ENABLE_OBJC_ARC = YES;
				CLANG_ENABLE_OBJC_WEAK = YES;
				CLANG_WARN_BLOCK_CAPTURE_AUTORELEASING = YES;
				CLANG_WARN_BOOL_CONVERSION = YES;
				CLANG_WARN_COMMA = YES;
				CLANG_WARN_CONSTANT_CONVERSION = YES;
				CLANG_WARN_DEPRECATED_OBJC_IMPLEMENTATIONS = YES;
				CLANG_WARN_DIRECT_OBJC_ISA_USAGE = YES_ERROR;
				CLANG_WARN_DOCUMENTATION_COMMENTS = YES;
				CLANG_WARN_EMPTY_BODY = YES;
				CLANG_WARN_ENUM_CONVERSION = YES;
				CLANG_WARN_INFINITE_RECURSION = YES;
				CLANG_WARN_INT_CONVERSION = YES;
				CLANG_WARN_NON_LITERAL_NULL_CONVERSION = YES;
				CLANG_WARN_OBJC_IMPLICIT_RETAIN_SELF = YES;
				CLANG_WARN_OBJC_LITERAL_CONVERSION = YES;
				CLANG_WARN_OBJC_ROOT_CLASS = YES_ERROR;
				CLANG_WARN_QUOTED_INCLUDE_IN_FRAMEWORK_HEADER = YES;
				CLANG_WARN_RANGE_LOOP_ANALYSIS = YES;
				CLANG_WARN_STRICT_PROTOTYPES = YES;
				CLANG_WARN_SUSPICIOUS_MOVE = YES;
				CLANG_WARN_UNGUARDED_AVAILABILITY = YES_AGGRESSIVE;
				CLANG_WARN_UNREACHABLE_CODE = YES;
				CLANG_WARN__DUPLICATE_METHOD_MATCH = YES;
				COPY_PHASE_STRIP = NO;
				DEBUG_INFORMATION_FORMAT = dwarf;
				ENABLE_STRICT_OBJC_MSGSEND = YES;
				ENABLE_TESTABILITY = YES;
				GCC_C_LANGUAGE_STANDARD = gnu11;
				GCC_DYNAMIC_NO_PIC = NO;
				GCC_NO_COMMON_BLOCKS = YES;
				GCC_OPTIMIZATION_LEVEL = 0;
				GCC_PREPROCESSOR_DEFINITIONS = (
					"DEBUG=1",
					"$(inherited)",
				);
				GCC_WARN_64_TO_32_BIT_CONVERSION = YES;
				GCC_WARN_ABOUT_RETURN_TYPE = YES_ERROR;
				GCC_WARN_UNDECLARED_SELECTOR = YES;
				GCC_WARN_UNINITIALIZED_AUTOS = YES_AGGRESSIVE;
				GCC_WARN_UNUSED_FUNCTION = YES;
				GCC_WARN_UNUSED_VARIABLE = YES;
				IPHONEOS_DEPLOYMENT_TARGET = 16.1;
				MTL_ENABLE_DEBUG_INFO = INCLUDE_SOURCE;
				MTL_FAST_MATH = YES;
				ONLY_ACTIVE_ARCH = YES;
				SDKROOT = iphoneos;
				SWIFT_ACTIVE_COMPILATION_CONDITIONS = DEBUG;
				SWIFT_OPTIMIZATION_LEVEL = "-Onone";
			};
			name = Debug;
		};
		3C4A557C294731B900FB0661 /* Release */ = {
			isa = XCBuildConfiguration;
			buildSettings = {
				ALWAYS_SEARCH_USER_PATHS = NO;
				CLANG_ANALYZER_NONNULL = YES;
				CLANG_ANALYZER_NUMBER_OBJECT_CONVERSION = YES_AGGRESSIVE;
				CLANG_CXX_LANGUAGE_STANDARD = "gnu++20";
				CLANG_ENABLE_MODULES = YES;
				CLANG_ENABLE_OBJC_ARC = YES;
				CLANG_ENABLE_OBJC_WEAK = YES;
				CLANG_WARN_BLOCK_CAPTURE_AUTORELEASING = YES;
				CLANG_WARN_BOOL_CONVERSION = YES;
				CLANG_WARN_COMMA = YES;
				CLANG_WARN_CONSTANT_CONVERSION = YES;
				CLANG_WARN_DEPRECATED_OBJC_IMPLEMENTATIONS = YES;
				CLANG_WARN_DIRECT_OBJC_ISA_USAGE = YES_ERROR;
				CLANG_WARN_DOCUMENTATION_COMMENTS = YES;
				CLANG_WARN_EMPTY_BODY = YES;
				CLANG_WARN_ENUM_CONVERSION = YES;
				CLANG_WARN_INFINITE_RECURSION = YES;
				CLANG_WARN_INT_CONVERSION = YES;
				CLANG_WARN_NON_LITERAL_NULL_CONVERSION = YES;
				CLANG_WARN_OBJC_IMPLICIT_RETAIN_SELF = YES;
				CLANG_WARN_OBJC_LITERAL_CONVERSION = YES;
				CLANG_WARN_OBJC_ROOT_CLASS = YES_ERROR;
				CLANG_WARN_QUOTED_INCLUDE_IN_FRAMEWORK_HEADER = YES;
				CLANG_WARN_RANGE_LOOP_ANALYSIS = YES;
				CLANG_WARN_STRICT_PROTOTYPES = YES;
				CLANG_WARN_SUSPICIOUS_MOVE = YES;
				CLANG_WARN_UNGUARDED_AVAILABILITY = YES_AGGRESSIVE;
				CLANG_WARN_UNREACHABLE_CODE = YES;
				CLANG_WARN__DUPLICATE_METHOD_MATCH = YES;
				COPY_PHASE_STRIP = NO;
				DEBUG_INFORMATION_FORMAT = "dwarf-with-dsym";
				ENABLE_NS_ASSERTIONS = NO;
				ENABLE_STRICT_OBJC_MSGSEND = YES;
				GCC_C_LANGUAGE_STANDARD = gnu11;
				GCC_NO_COMMON_BLOCKS = YES;
				GCC_WARN_64_TO_32_BIT_CONVERSION = YES;
				GCC_WARN_ABOUT_RETURN_TYPE = YES_ERROR;
				GCC_WARN_UNDECLARED_SELECTOR = YES;
				GCC_WARN_UNINITIALIZED_AUTOS = YES_AGGRESSIVE;
				GCC_WARN_UNUSED_FUNCTION = YES;
				GCC_WARN_UNUSED_VARIABLE = YES;
				IPHONEOS_DEPLOYMENT_TARGET = 16.1;
				MTL_ENABLE_DEBUG_INFO = NO;
				MTL_FAST_MATH = YES;
				SDKROOT = iphoneos;
				SWIFT_COMPILATION_MODE = wholemodule;
				SWIFT_OPTIMIZATION_LEVEL = "-O";
				VALIDATE_PRODUCT = YES;
			};
			name = Release;
		};
		3C4A557E294731B900FB0661 /* Debug */ = {
			isa = XCBuildConfiguration;
			buildSettings = {
				ASSETCATALOG_COMPILER_APPICON_NAME = AppIcon;
				ASSETCATALOG_COMPILER_GLOBAL_ACCENT_COLOR_NAME = AccentColor;
				CODE_SIGN_STYLE = Automatic;
				CURRENT_PROJECT_VERSION = 1;
				DEVELOPMENT_TEAM = Z5M4ZXWCX6;
				GENERATE_INFOPLIST_FILE = YES;
				INFOPLIST_FILE = xibStarter/Info.plist;
				INFOPLIST_KEY_UIApplicationSupportsIndirectInputEvents = YES;
				INFOPLIST_KEY_UILaunchStoryboardName = LaunchScreen;
				INFOPLIST_KEY_UIMainStoryboardFile = Main;
				INFOPLIST_KEY_UISupportedInterfaceOrientations_iPad = "UIInterfaceOrientationPortrait UIInterfaceOrientationPortraitUpsideDown UIInterfaceOrientationLandscapeLeft UIInterfaceOrientationLandscapeRight";
				INFOPLIST_KEY_UISupportedInterfaceOrientations_iPhone = "UIInterfaceOrientationPortrait UIInterfaceOrientationLandscapeLeft UIInterfaceOrientationLandscapeRight";
				LD_RUNPATH_SEARCH_PATHS = (
					"$(inherited)",
					"@executable_path/Frameworks",
				);
				MARKETING_VERSION = 1.0;
				PRODUCT_BUNDLE_IDENTIFIER = com.gmail.wnsgk830.xibStarter;
				PRODUCT_NAME = "$(TARGET_NAME)";
				SWIFT_EMIT_LOC_STRINGS = YES;
				SWIFT_VERSION = 5.0;
				TARGETED_DEVICE_FAMILY = "1,2";
			};
			name = Debug;
		};
		3C4A557F294731B900FB0661 /* Release */ = {
			isa = XCBuildConfiguration;
			buildSettings = {
				ASSETCATALOG_COMPILER_APPICON_NAME = AppIcon;
				ASSETCATALOG_COMPILER_GLOBAL_ACCENT_COLOR_NAME = AccentColor;
				CODE_SIGN_STYLE = Automatic;
				CURRENT_PROJECT_VERSION = 1;
				DEVELOPMENT_TEAM = Z5M4ZXWCX6;
				GENERATE_INFOPLIST_FILE = YES;
				INFOPLIST_FILE = xibStarter/Info.plist;
				INFOPLIST_KEY_UIApplicationSupportsIndirectInputEvents = YES;
				INFOPLIST_KEY_UILaunchStoryboardName = LaunchScreen;
				INFOPLIST_KEY_UIMainStoryboardFile = Main;
				INFOPLIST_KEY_UISupportedInterfaceOrientations_iPad = "UIInterfaceOrientationPortrait UIInterfaceOrientationPortraitUpsideDown UIInterfaceOrientationLandscapeLeft UIInterfaceOrientationLandscapeRight";
				INFOPLIST_KEY_UISupportedInterfaceOrientations_iPhone = "UIInterfaceOrientationPortrait UIInterfaceOrientationLandscapeLeft UIInterfaceOrientationLandscapeRight";
				LD_RUNPATH_SEARCH_PATHS = (
					"$(inherited)",
					"@executable_path/Frameworks",
				);
				MARKETING_VERSION = 1.0;
				PRODUCT_BUNDLE_IDENTIFIER = com.gmail.wnsgk830.xibStarter;
				PRODUCT_NAME = "$(TARGET_NAME)";
				SWIFT_EMIT_LOC_STRINGS = YES;
				SWIFT_VERSION = 5.0;
				TARGETED_DEVICE_FAMILY = "1,2";
			};
			name = Release;
		};
/* End XCBuildConfiguration section */

/* Begin XCConfigurationList section */
		3C4A5564294731B700FB0661 /* Build configuration list for PBXProject "xibStarter" */ = {
			isa = XCConfigurationList;
			buildConfigurations = (
				3C4A557B294731B900FB0661 /* Debug */,
				3C4A557C294731B900FB0661 /* Release */,
			);
			defaultConfigurationIsVisible = 0;
			defaultConfigurationName = Release;
		};
		3C4A557D294731B900FB0661 /* Build configuration list for PBXNativeTarget "xibStarter" */ = {
			isa = XCConfigurationList;
			buildConfigurations = (
				3C4A557E294731B900FB0661 /* Debug */,
				3C4A557F294731B900FB0661 /* Release */,
			);
			defaultConfigurationIsVisible = 0;
			defaultConfigurationName = Release;
		};
/* End XCConfigurationList section */
	};
	rootObject = 3C4A5561294731B700FB0661 /* Project object */;
}
